
Microsoft Visual Studio Solution File, Format Version 12.00
# Visual Studio Version 16
VisualStudioVersion = 16.0.29728.190
MinimumVisualStudioVersion = 10.0.40219.1
Project("{FAE04EC0-301F-11D3-BF4B-00C04F79EFBC}") = "02-UpAndDown", "02-UpAndDown\02-UpAndDown.csproj", "{69912E62-623A-4A58-8243-DAAD6498DD14}"
EndProject
Project("{FAE04EC0-301F-11D3-BF4B-00C04F79EFBC}") = "03-SubsequenceWithMaxSum", "03-SubsequenceWithMaxSum\03-SubsequenceWithMaxSum.csproj", "{191319E4-4652-4C6F-A74C-AC7197AA1914}"
EndProject
Project("{FAE04EC0-301F-11D3-BF4B-00C04F79EFBC}") = "04-FindingLoop", "04-FindingLoop\04-FindingLoop.csproj", "{23681EF2-7EA0-4124-BE68-E14194D73A45}"
EndProject
Project("{FAE04EC0-301F-11D3-BF4B-00C04F79EFBC}") = "05-ZeroSum", "05-ZeroSum\05-ZeroSum.csproj", "{41646974-3DC8-409E-AB36-5247D1725FF3}"
EndProject
Project("{FAE04EC0-301F-11D3-BF4B-00C04F79EFBC}") = "06-FindRepeatingElement", "06-FindRepeatingElement\06-FindRepeatingElement.csproj", "{135C2740-90B7-4776-88FD-640F73D86192}"
EndProject
Project("{FAE04EC0-301F-11D3-BF4B-00C04F79EFBC}") = "07-FindNotRepeatingElement", "07-FindNotRepeatingElement\07-FindNotRepeatingElement.csproj", "{EBCE97EE-7421-467A-B2BE-D38060B4E26C}"
EndProject
Project("{FAE04EC0-301F-11D3-BF4B-00C04F79EFBC}") = "08-FindTwoNotRepeatingElements", "08-FindTwoNotRepeatingElements\08-FindTwoNotRepeatingElements.csproj", "{0373208D-8268-4ED7-8226-A56D9242483D}"
EndProject
Project("{FAE04EC0-301F-11D3-BF4B-00C04F79EFBC}") = "09-FindRepeatingNumber", "09-FindRepeatingNumber\09-FindRepeatingNumber.csproj", "{6F0A0EF0-640A-416C-895C-CE6748DC752D}"
EndProject
Project("{FAE04EC0-301F-11D3-BF4B-00C04F79EFBC}") = "10-FindMissingNumber", "10-FindMissingNumber\10-FindMissingNumber.csproj", "{FF41770F-AC8D-48E4-95DE-AC1416C6CEB9}"
EndProject
Project("{FAE04EC0-301F-11D3-BF4B-00C04F79EFBC}") = "11-RandomShuffle", "11-RandomShuffle\11-RandomShuffle.csproj", "{6609DE92-EBB3-478D-B550-134674CD7DBF}"
EndProject
Project("{FAE04EC0-301F-11D3-BF4B-00C04F79EFBC}") = "12-GameOn21", "12-GameOn21\12-GameOn21.csproj", "{6AD0C4CD-C112-47BB-AA67-D37E4C1AE4B3}"
EndProject
Project("{FAE04EC0-301F-11D3-BF4B-00C04F79EFBC}") = "13-FindFirstMissingNumber", "13-FindFirstMissingNumber\13-FindFirstMissingNumber.csproj", "{F04E8F72-C34E-48EA-AC8C-E29839FBBF32}"
EndProject
Project("{FAE04EC0-301F-11D3-BF4B-00C04F79EFBC}") = "14-MissingNumberInIncreaseingArray", "14-MissingNumberInIncreaseingArray\14-MissingNumberInIncreaseingArray.csproj", "{576E5A14-40C6-4B38-82CE-AB6538FE9C38}"
EndProject
Project("{FAE04EC0-301F-11D3-BF4B-00C04F79EFBC}") = "15-RemoveRepeatingObjects", "15-RemoveRepeatingObjects\15-RemoveRepeatingObjects.csproj", "{B79BCA7F-E484-4225-8ED9-3C23F58A69F8}"
EndProject
Project("{FAE04EC0-301F-11D3-BF4B-00C04F79EFBC}") = "16-FindBiggestRepeatingNumbers", "16-FindBiggestRepeatingNumbers\16-FindBiggestRepeatingNumbers.csproj", "{78E75CD3-39EA-474C-99C7-B6883BE5E0D5}"
EndProject
Project("{FAE04EC0-301F-11D3-BF4B-00C04F79EFBC}") = "17-FindingMedianOfSequence", "17-FindingMedianOfSequence\17-FindingMedianOfSequence.csproj", "{F9FAC294-B15D-4FBF-90B6-8E65DF57DB7B}"
EndProject
Project("{FAE04EC0-301F-11D3-BF4B-00C04F79EFBC}") = "18-ProductionOfTheRestNumbers", "18-ProductionOfTheRestNumbers\18-ProductionOfTheRestNumbers.csproj", "{A83153C7-6F5B-47F4-AC79-A9E4DF076A21}"
EndProject
Project("{FAE04EC0-301F-11D3-BF4B-00C04F79EFBC}") = "19-AngleBetweenArrowsOfAClock", "19-AngleBetweenArrowsOfAClock\19-AngleBetweenArrowsOfAClock.csproj", "{26DDD396-B248-420D-90BA-B1F3B6714BE7}"
EndProject
Project("{FAE04EC0-301F-11D3-BF4B-00C04F79EFBC}") = "20-FillSquareWithTrimino", "20-FillSquareWithTrimino\20-FillSquareWithTrimino.csproj", "{1AF7E935-A0C7-43BC-BDA0-C87188BE18D4}"
EndProject
Project("{2150E333-8FDC-42A3-9474-1A3956D46DE8}") = "Solution Items", "Solution Items", "{8B26E8E7-8358-4CB9-8A6F-57A7A53938A3}"
	ProjectSection(SolutionItems) = preProject
		.editorconfig = .editorconfig
	EndProjectSection
EndProject
Project("{FAE04EC0-301F-11D3-BF4B-00C04F79EFBC}") = "21-HardDistPartitioning", "21-HardDistPartitioning\21-HardDistPartitioning.csproj", "{646E6EFB-6051-41C4-9868-1EF6189D6867}"
EndProject
Project("{FAE04EC0-301F-11D3-BF4B-00C04F79EFBC}") = "37-SwapNumbers", "37-SwapNumbers\37-SwapNumbers.csproj", "{23937EBD-AB52-438F-A2BB-A4D22BD33666}"
EndProject
Project("{FAE04EC0-301F-11D3-BF4B-00C04F79EFBC}") = "36-MultiplicationBySeven", "36-MultiplicationBySeven\36-MultiplicationBySeven.csproj", "{3B630C31-C131-4978-A7D2-367A9CB2B7C1}"
EndProject
Project("{FAE04EC0-301F-11D3-BF4B-00C04F79EFBC}") = "35-ZeroOrOne", "35-ZeroOrOne\35-ZeroOrOne.csproj", "{31F057EC-A69C-4FAD-81FC-47AAE62E6FF2}"
EndProject
Project("{FAE04EC0-301F-11D3-BF4B-00C04F79EFBC}") = "34-LowestBit", "34-LowestBit\34-LowestBit.csproj", "{4A5AD6F2-919C-4053-9316-37821FDE8E21}"
EndProject
Project("{FAE04EC0-301F-11D3-BF4B-00C04F79EFBC}") = "33-PowerOfTwo", "33-PowerOfTwo\33-PowerOfTwo.csproj", "{981E43F6-91CE-44CB-B829-A9C59C491761}"
EndProject
Project("{FAE04EC0-301F-11D3-BF4B-00C04F79EFBC}") = "32-RandomGeneratorUsingCoin", "32-RandomGeneratorUsingCoin\32-RandomGeneratorUsingCoin.csproj", "{FA577929-AB33-47EC-8AFC-90FC5292700A}"
EndProject
Project("{FAE04EC0-301F-11D3-BF4B-00C04F79EFBC}") = "31-RandomElementFromGenerator", "31-RandomElementFromGenerator\31-RandomElementFromGenerator.csproj", "{5CF394EA-BF74-4E4C-835C-AD661EB987B1}"
EndProject
Project("{FAE04EC0-301F-11D3-BF4B-00C04F79EFBC}") = "30-JumpingPawns", "30-JumpingPawns\30-JumpingPawns.csproj", "{60680026-D2B6-49C7-82B5-7AF8733EEE26}"
EndProject
Project("{FAE04EC0-301F-11D3-BF4B-00C04F79EFBC}") = "29-WineBottles", "29-WineBottles\29-WineBottles.csproj", "{DD12C0C3-BC44-49FA-B173-C0172366770E}"
EndProject
Project("{FAE04EC0-301F-11D3-BF4B-00C04F79EFBC}") = "28-SubstringWithTwoSymbols", "28-SubstringWithTwoSymbols\28-SubstringWithTwoSymbols.csproj", "{D72D19C9-0BFD-4E2C-8F69-295326255A78}"
EndProject
Project("{FAE04EC0-301F-11D3-BF4B-00C04F79EFBC}") = "27-FragileBulbs", "27-FragileBulbs\27-FragileBulbs.csproj", "{882EEE20-7B92-471E-A11B-60F13746DF6D}"
EndProject
Project("{FAE04EC0-301F-11D3-BF4B-00C04F79EFBC}") = "26-Majorant", "26-Majorant\26-Majorant.csproj", "{F57BF49C-E5C8-4629-AAD9-B3C8ABA5DBB4}"
EndProject
Project("{FAE04EC0-301F-11D3-BF4B-00C04F79EFBC}") = "25-PairsNumbersInArray", "25-PairsNumbersInArray\25-PairsNumbersInArray.csproj", "{8EB92DB0-EF93-47B9-AA1C-67A78E543E57}"
EndProject
Project("{FAE04EC0-301F-11D3-BF4B-00C04F79EFBC}") = "24-TextAndStrings", "24-TextAndStrings\24-TextAndStrings.csproj", "{CDA98A35-F2BD-406C-B914-672615775AD8}"
EndProject
Project("{FAE04EC0-301F-11D3-BF4B-00C04F79EFBC}") = "23-Steps", "23-Steps\23-Steps.csproj", "{433AA6DB-6489-4D74-84B1-C321BEB578D7}"
EndProject
Project("{FAE04EC0-301F-11D3-BF4B-00C04F79EFBC}") = "22-EventsInProgress", "22-EventsInProgress\22-EventsInProgress.csproj", "{99CB336C-BB01-4EED-8D76-32073A2E6172}"
EndProject
Project("{FAE04EC0-301F-11D3-BF4B-00C04F79EFBC}") = "38-BinarySubMasks", "38-BinarySubMasks\38-BinarySubMasks.csproj", "{3B129480-F7D7-4E64-865E-5B5F328280E0}"
EndProject
Project("{FAE04EC0-301F-11D3-BF4B-00C04F79EFBC}") = "39-StringPermutations", "39-StringPermutations\39-StringPermutations.csproj", "{3BEAE1A4-6EDF-4B45-BA18-FE54C2DA3916}"
EndProject
Project("{FAE04EC0-301F-11D3-BF4B-00C04F79EFBC}") = "40-IsThereOverflow", "40-IsThereOverflow\40-IsThereOverflow.csproj", "{047EE3C4-0C8E-4D9D-8E6D-F6EFBBEB7FF0}"
EndProject
Project("{FAE04EC0-301F-11D3-BF4B-00C04F79EFBC}") = "41-DepthOfTree", "41-DepthOfTree\41-DepthOfTree.csproj", "{D65186E7-19D7-4668-AE13-CA03CA570B33}"
EndProject
Project("{FAE04EC0-301F-11D3-BF4B-00C04F79EFBC}") = "42-TwoDimensionalArrayInSpiral", "42-TwoDimensionalArrayInSpiral\42-TwoDimensionalArrayInSpiral.csproj", "{C1C6FAF2-D41D-4B9E-AACA-617754EA7587}"
EndProject
Project("{FAE04EC0-301F-11D3-BF4B-00C04F79EFBC}") = "43-FastPowering", "43-FastPowering\43-FastPowering.csproj", "{D2DE9F84-0F84-4AF6-A482-2D15CCFBD463}"
EndProject
Project("{FAE04EC0-301F-11D3-BF4B-00C04F79EFBC}") = "44-Palindrome", "44-Palindrome\44-Palindrome.csproj", "{BF8C7202-948D-4DD8-B0A5-4F30FDEDA3F6}"
EndProject
Project("{FAE04EC0-301F-11D3-BF4B-00C04F79EFBC}") = "45-CreatePalindrome", "45-CreatePalindrome\45-CreatePalindrome.csproj", "{90575EB2-BCCF-4730-B62B-E0957FE12EEB}"
EndProject
Project("{FAE04EC0-301F-11D3-BF4B-00C04F79EFBC}") = "01-MergingLists", "01-MergingLists\01-MergingLists.csproj", "{FBBE4519-3C27-4FCB-86BB-F46971AF29C0}"
EndProject
Project("{FAE04EC0-301F-11D3-BF4B-00C04F79EFBC}") = "46-CommonElementsInSets", "46-CommonElementsInSets\46-CommonElementsInSets.csproj", "{819BBB90-9C65-4D2A-A79B-FD28E3458EFA}"
EndProject
Project("{FAE04EC0-301F-11D3-BF4B-00C04F79EFBC}") = "47-DigitalRoot", "47-DigitalRoot\47-DigitalRoot.csproj", "{A39F6AF6-3574-490D-93C7-33A1E31F291D}"
EndProject
Project("{FAE04EC0-301F-11D3-BF4B-00C04F79EFBC}") = "48-ChooseCityByPopulation", "48-ChooseCityByPopulation\48-ChooseCityByPopulation.csproj", "{C9738BDA-5D6E-45A4-B1FF-053FE9DCB866}"
EndProject
Project("{FAE04EC0-301F-11D3-BF4B-00C04F79EFBC}") = "49-RockPaperScissorsLizardSpok", "49-RockPaperScissorsLizardSpok\49-RockPaperScissorsLizardSpok.csproj", "{2792D57C-7211-428E-BEEA-C4D4E9E8CF00}"
EndProject
Global
	GlobalSection(SolutionConfigurationPlatforms) = preSolution
		Debug|Any CPU = Debug|Any CPU
		Debug|ARM = Debug|ARM
		Debug|ARM64 = Debug|ARM64
		Debug|x64 = Debug|x64
		Debug|x86 = Debug|x86
		Release|Any CPU = Release|Any CPU
		Release|ARM = Release|ARM
		Release|ARM64 = Release|ARM64
		Release|x64 = Release|x64
		Release|x86 = Release|x86
	EndGlobalSection
	GlobalSection(ProjectConfigurationPlatforms) = postSolution
		{69912E62-623A-4A58-8243-DAAD6498DD14}.Debug|Any CPU.ActiveCfg = Debug|Any CPU
		{69912E62-623A-4A58-8243-DAAD6498DD14}.Debug|Any CPU.Build.0 = Debug|Any CPU
		{69912E62-623A-4A58-8243-DAAD6498DD14}.Debug|ARM.ActiveCfg = Debug|Any CPU
		{69912E62-623A-4A58-8243-DAAD6498DD14}.Debug|ARM.Build.0 = Debug|Any CPU
		{69912E62-623A-4A58-8243-DAAD6498DD14}.Debug|ARM64.ActiveCfg = Debug|Any CPU
		{69912E62-623A-4A58-8243-DAAD6498DD14}.Debug|ARM64.Build.0 = Debug|Any CPU
		{69912E62-623A-4A58-8243-DAAD6498DD14}.Debug|x64.ActiveCfg = Debug|Any CPU
		{69912E62-623A-4A58-8243-DAAD6498DD14}.Debug|x64.Build.0 = Debug|Any CPU
		{69912E62-623A-4A58-8243-DAAD6498DD14}.Debug|x86.ActiveCfg = Debug|Any CPU
		{69912E62-623A-4A58-8243-DAAD6498DD14}.Debug|x86.Build.0 = Debug|Any CPU
		{69912E62-623A-4A58-8243-DAAD6498DD14}.Release|Any CPU.ActiveCfg = Release|Any CPU
		{69912E62-623A-4A58-8243-DAAD6498DD14}.Release|Any CPU.Build.0 = Release|Any CPU
		{69912E62-623A-4A58-8243-DAAD6498DD14}.Release|ARM.ActiveCfg = Release|Any CPU
		{69912E62-623A-4A58-8243-DAAD6498DD14}.Release|ARM.Build.0 = Release|Any CPU
		{69912E62-623A-4A58-8243-DAAD6498DD14}.Release|ARM64.ActiveCfg = Release|Any CPU
		{69912E62-623A-4A58-8243-DAAD6498DD14}.Release|ARM64.Build.0 = Release|Any CPU
		{69912E62-623A-4A58-8243-DAAD6498DD14}.Release|x64.ActiveCfg = Release|Any CPU
		{69912E62-623A-4A58-8243-DAAD6498DD14}.Release|x64.Build.0 = Release|Any CPU
		{69912E62-623A-4A58-8243-DAAD6498DD14}.Release|x86.ActiveCfg = Release|Any CPU
		{69912E62-623A-4A58-8243-DAAD6498DD14}.Release|x86.Build.0 = Release|Any CPU
		{191319E4-4652-4C6F-A74C-AC7197AA1914}.Debug|Any CPU.ActiveCfg = Debug|Any CPU
		{191319E4-4652-4C6F-A74C-AC7197AA1914}.Debug|Any CPU.Build.0 = Debug|Any CPU
		{191319E4-4652-4C6F-A74C-AC7197AA1914}.Debug|ARM.ActiveCfg = Debug|Any CPU
		{191319E4-4652-4C6F-A74C-AC7197AA1914}.Debug|ARM.Build.0 = Debug|Any CPU
		{191319E4-4652-4C6F-A74C-AC7197AA1914}.Debug|ARM64.ActiveCfg = Debug|Any CPU
		{191319E4-4652-4C6F-A74C-AC7197AA1914}.Debug|ARM64.Build.0 = Debug|Any CPU
		{191319E4-4652-4C6F-A74C-AC7197AA1914}.Debug|x64.ActiveCfg = Debug|Any CPU
		{191319E4-4652-4C6F-A74C-AC7197AA1914}.Debug|x64.Build.0 = Debug|Any CPU
		{191319E4-4652-4C6F-A74C-AC7197AA1914}.Debug|x86.ActiveCfg = Debug|Any CPU
		{191319E4-4652-4C6F-A74C-AC7197AA1914}.Debug|x86.Build.0 = Debug|Any CPU
		{191319E4-4652-4C6F-A74C-AC7197AA1914}.Release|Any CPU.ActiveCfg = Release|Any CPU
		{191319E4-4652-4C6F-A74C-AC7197AA1914}.Release|Any CPU.Build.0 = Release|Any CPU
		{191319E4-4652-4C6F-A74C-AC7197AA1914}.Release|ARM.ActiveCfg = Release|Any CPU
		{191319E4-4652-4C6F-A74C-AC7197AA1914}.Release|ARM.Build.0 = Release|Any CPU
		{191319E4-4652-4C6F-A74C-AC7197AA1914}.Release|ARM64.ActiveCfg = Release|Any CPU
		{191319E4-4652-4C6F-A74C-AC7197AA1914}.Release|ARM64.Build.0 = Release|Any CPU
		{191319E4-4652-4C6F-A74C-AC7197AA1914}.Release|x64.ActiveCfg = Release|Any CPU
		{191319E4-4652-4C6F-A74C-AC7197AA1914}.Release|x64.Build.0 = Release|Any CPU
		{191319E4-4652-4C6F-A74C-AC7197AA1914}.Release|x86.ActiveCfg = Release|Any CPU
		{191319E4-4652-4C6F-A74C-AC7197AA1914}.Release|x86.Build.0 = Release|Any CPU
		{23681EF2-7EA0-4124-BE68-E14194D73A45}.Debug|Any CPU.ActiveCfg = Debug|Any CPU
		{23681EF2-7EA0-4124-BE68-E14194D73A45}.Debug|Any CPU.Build.0 = Debug|Any CPU
		{23681EF2-7EA0-4124-BE68-E14194D73A45}.Debug|ARM.ActiveCfg = Debug|Any CPU
		{23681EF2-7EA0-4124-BE68-E14194D73A45}.Debug|ARM.Build.0 = Debug|Any CPU
		{23681EF2-7EA0-4124-BE68-E14194D73A45}.Debug|ARM64.ActiveCfg = Debug|Any CPU
		{23681EF2-7EA0-4124-BE68-E14194D73A45}.Debug|ARM64.Build.0 = Debug|Any CPU
		{23681EF2-7EA0-4124-BE68-E14194D73A45}.Debug|x64.ActiveCfg = Debug|Any CPU
		{23681EF2-7EA0-4124-BE68-E14194D73A45}.Debug|x64.Build.0 = Debug|Any CPU
		{23681EF2-7EA0-4124-BE68-E14194D73A45}.Debug|x86.ActiveCfg = Debug|Any CPU
		{23681EF2-7EA0-4124-BE68-E14194D73A45}.Debug|x86.Build.0 = Debug|Any CPU
		{23681EF2-7EA0-4124-BE68-E14194D73A45}.Release|Any CPU.ActiveCfg = Release|Any CPU
		{23681EF2-7EA0-4124-BE68-E14194D73A45}.Release|Any CPU.Build.0 = Release|Any CPU
		{23681EF2-7EA0-4124-BE68-E14194D73A45}.Release|ARM.ActiveCfg = Release|Any CPU
		{23681EF2-7EA0-4124-BE68-E14194D73A45}.Release|ARM.Build.0 = Release|Any CPU
		{23681EF2-7EA0-4124-BE68-E14194D73A45}.Release|ARM64.ActiveCfg = Release|Any CPU
		{23681EF2-7EA0-4124-BE68-E14194D73A45}.Release|ARM64.Build.0 = Release|Any CPU
		{23681EF2-7EA0-4124-BE68-E14194D73A45}.Release|x64.ActiveCfg = Release|Any CPU
		{23681EF2-7EA0-4124-BE68-E14194D73A45}.Release|x64.Build.0 = Release|Any CPU
		{23681EF2-7EA0-4124-BE68-E14194D73A45}.Release|x86.ActiveCfg = Release|Any CPU
		{23681EF2-7EA0-4124-BE68-E14194D73A45}.Release|x86.Build.0 = Release|Any CPU
		{41646974-3DC8-409E-AB36-5247D1725FF3}.Debug|Any CPU.ActiveCfg = Debug|Any CPU
		{41646974-3DC8-409E-AB36-5247D1725FF3}.Debug|Any CPU.Build.0 = Debug|Any CPU
		{41646974-3DC8-409E-AB36-5247D1725FF3}.Debug|ARM.ActiveCfg = Debug|Any CPU
		{41646974-3DC8-409E-AB36-5247D1725FF3}.Debug|ARM.Build.0 = Debug|Any CPU
		{41646974-3DC8-409E-AB36-5247D1725FF3}.Debug|ARM64.ActiveCfg = Debug|Any CPU
		{41646974-3DC8-409E-AB36-5247D1725FF3}.Debug|ARM64.Build.0 = Debug|Any CPU
		{41646974-3DC8-409E-AB36-5247D1725FF3}.Debug|x64.ActiveCfg = Debug|Any CPU
		{41646974-3DC8-409E-AB36-5247D1725FF3}.Debug|x64.Build.0 = Debug|Any CPU
		{41646974-3DC8-409E-AB36-5247D1725FF3}.Debug|x86.ActiveCfg = Debug|Any CPU
		{41646974-3DC8-409E-AB36-5247D1725FF3}.Debug|x86.Build.0 = Debug|Any CPU
		{41646974-3DC8-409E-AB36-5247D1725FF3}.Release|Any CPU.ActiveCfg = Release|Any CPU
		{41646974-3DC8-409E-AB36-5247D1725FF3}.Release|Any CPU.Build.0 = Release|Any CPU
		{41646974-3DC8-409E-AB36-5247D1725FF3}.Release|ARM.ActiveCfg = Release|Any CPU
		{41646974-3DC8-409E-AB36-5247D1725FF3}.Release|ARM.Build.0 = Release|Any CPU
		{41646974-3DC8-409E-AB36-5247D1725FF3}.Release|ARM64.ActiveCfg = Release|Any CPU
		{41646974-3DC8-409E-AB36-5247D1725FF3}.Release|ARM64.Build.0 = Release|Any CPU
		{41646974-3DC8-409E-AB36-5247D1725FF3}.Release|x64.ActiveCfg = Release|Any CPU
		{41646974-3DC8-409E-AB36-5247D1725FF3}.Release|x64.Build.0 = Release|Any CPU
		{41646974-3DC8-409E-AB36-5247D1725FF3}.Release|x86.ActiveCfg = Release|Any CPU
		{41646974-3DC8-409E-AB36-5247D1725FF3}.Release|x86.Build.0 = Release|Any CPU
		{135C2740-90B7-4776-88FD-640F73D86192}.Debug|Any CPU.ActiveCfg = Debug|Any CPU
		{135C2740-90B7-4776-88FD-640F73D86192}.Debug|Any CPU.Build.0 = Debug|Any CPU
		{135C2740-90B7-4776-88FD-640F73D86192}.Debug|ARM.ActiveCfg = Debug|Any CPU
		{135C2740-90B7-4776-88FD-640F73D86192}.Debug|ARM.Build.0 = Debug|Any CPU
		{135C2740-90B7-4776-88FD-640F73D86192}.Debug|ARM64.ActiveCfg = Debug|Any CPU
		{135C2740-90B7-4776-88FD-640F73D86192}.Debug|ARM64.Build.0 = Debug|Any CPU
		{135C2740-90B7-4776-88FD-640F73D86192}.Debug|x64.ActiveCfg = Debug|Any CPU
		{135C2740-90B7-4776-88FD-640F73D86192}.Debug|x64.Build.0 = Debug|Any CPU
		{135C2740-90B7-4776-88FD-640F73D86192}.Debug|x86.ActiveCfg = Debug|Any CPU
		{135C2740-90B7-4776-88FD-640F73D86192}.Debug|x86.Build.0 = Debug|Any CPU
		{135C2740-90B7-4776-88FD-640F73D86192}.Release|Any CPU.ActiveCfg = Release|Any CPU
		{135C2740-90B7-4776-88FD-640F73D86192}.Release|Any CPU.Build.0 = Release|Any CPU
		{135C2740-90B7-4776-88FD-640F73D86192}.Release|ARM.ActiveCfg = Release|Any CPU
		{135C2740-90B7-4776-88FD-640F73D86192}.Release|ARM.Build.0 = Release|Any CPU
		{135C2740-90B7-4776-88FD-640F73D86192}.Release|ARM64.ActiveCfg = Release|Any CPU
		{135C2740-90B7-4776-88FD-640F73D86192}.Release|ARM64.Build.0 = Release|Any CPU
		{135C2740-90B7-4776-88FD-640F73D86192}.Release|x64.ActiveCfg = Release|Any CPU
		{135C2740-90B7-4776-88FD-640F73D86192}.Release|x64.Build.0 = Release|Any CPU
		{135C2740-90B7-4776-88FD-640F73D86192}.Release|x86.ActiveCfg = Release|Any CPU
		{135C2740-90B7-4776-88FD-640F73D86192}.Release|x86.Build.0 = Release|Any CPU
		{EBCE97EE-7421-467A-B2BE-D38060B4E26C}.Debug|Any CPU.ActiveCfg = Debug|Any CPU
		{EBCE97EE-7421-467A-B2BE-D38060B4E26C}.Debug|Any CPU.Build.0 = Debug|Any CPU
		{EBCE97EE-7421-467A-B2BE-D38060B4E26C}.Debug|ARM.ActiveCfg = Debug|Any CPU
		{EBCE97EE-7421-467A-B2BE-D38060B4E26C}.Debug|ARM.Build.0 = Debug|Any CPU
		{EBCE97EE-7421-467A-B2BE-D38060B4E26C}.Debug|ARM64.ActiveCfg = Debug|Any CPU
		{EBCE97EE-7421-467A-B2BE-D38060B4E26C}.Debug|ARM64.Build.0 = Debug|Any CPU
		{EBCE97EE-7421-467A-B2BE-D38060B4E26C}.Debug|x64.ActiveCfg = Debug|Any CPU
		{EBCE97EE-7421-467A-B2BE-D38060B4E26C}.Debug|x64.Build.0 = Debug|Any CPU
		{EBCE97EE-7421-467A-B2BE-D38060B4E26C}.Debug|x86.ActiveCfg = Debug|Any CPU
		{EBCE97EE-7421-467A-B2BE-D38060B4E26C}.Debug|x86.Build.0 = Debug|Any CPU
		{EBCE97EE-7421-467A-B2BE-D38060B4E26C}.Release|Any CPU.ActiveCfg = Release|Any CPU
		{EBCE97EE-7421-467A-B2BE-D38060B4E26C}.Release|Any CPU.Build.0 = Release|Any CPU
		{EBCE97EE-7421-467A-B2BE-D38060B4E26C}.Release|ARM.ActiveCfg = Release|Any CPU
		{EBCE97EE-7421-467A-B2BE-D38060B4E26C}.Release|ARM.Build.0 = Release|Any CPU
		{EBCE97EE-7421-467A-B2BE-D38060B4E26C}.Release|ARM64.ActiveCfg = Release|Any CPU
		{EBCE97EE-7421-467A-B2BE-D38060B4E26C}.Release|ARM64.Build.0 = Release|Any CPU
		{EBCE97EE-7421-467A-B2BE-D38060B4E26C}.Release|x64.ActiveCfg = Release|Any CPU
		{EBCE97EE-7421-467A-B2BE-D38060B4E26C}.Release|x64.Build.0 = Release|Any CPU
		{EBCE97EE-7421-467A-B2BE-D38060B4E26C}.Release|x86.ActiveCfg = Release|Any CPU
		{EBCE97EE-7421-467A-B2BE-D38060B4E26C}.Release|x86.Build.0 = Release|Any CPU
		{0373208D-8268-4ED7-8226-A56D9242483D}.Debug|Any CPU.ActiveCfg = Debug|Any CPU
		{0373208D-8268-4ED7-8226-A56D9242483D}.Debug|Any CPU.Build.0 = Debug|Any CPU
		{0373208D-8268-4ED7-8226-A56D9242483D}.Debug|ARM.ActiveCfg = Debug|Any CPU
		{0373208D-8268-4ED7-8226-A56D9242483D}.Debug|ARM.Build.0 = Debug|Any CPU
		{0373208D-8268-4ED7-8226-A56D9242483D}.Debug|ARM64.ActiveCfg = Debug|Any CPU
		{0373208D-8268-4ED7-8226-A56D9242483D}.Debug|ARM64.Build.0 = Debug|Any CPU
		{0373208D-8268-4ED7-8226-A56D9242483D}.Debug|x64.ActiveCfg = Debug|Any CPU
		{0373208D-8268-4ED7-8226-A56D9242483D}.Debug|x64.Build.0 = Debug|Any CPU
		{0373208D-8268-4ED7-8226-A56D9242483D}.Debug|x86.ActiveCfg = Debug|Any CPU
		{0373208D-8268-4ED7-8226-A56D9242483D}.Debug|x86.Build.0 = Debug|Any CPU
		{0373208D-8268-4ED7-8226-A56D9242483D}.Release|Any CPU.ActiveCfg = Release|Any CPU
		{0373208D-8268-4ED7-8226-A56D9242483D}.Release|Any CPU.Build.0 = Release|Any CPU
		{0373208D-8268-4ED7-8226-A56D9242483D}.Release|ARM.ActiveCfg = Release|Any CPU
		{0373208D-8268-4ED7-8226-A56D9242483D}.Release|ARM.Build.0 = Release|Any CPU
		{0373208D-8268-4ED7-8226-A56D9242483D}.Release|ARM64.ActiveCfg = Release|Any CPU
		{0373208D-8268-4ED7-8226-A56D9242483D}.Release|ARM64.Build.0 = Release|Any CPU
		{0373208D-8268-4ED7-8226-A56D9242483D}.Release|x64.ActiveCfg = Release|Any CPU
		{0373208D-8268-4ED7-8226-A56D9242483D}.Release|x64.Build.0 = Release|Any CPU
		{0373208D-8268-4ED7-8226-A56D9242483D}.Release|x86.ActiveCfg = Release|Any CPU
		{0373208D-8268-4ED7-8226-A56D9242483D}.Release|x86.Build.0 = Release|Any CPU
		{6F0A0EF0-640A-416C-895C-CE6748DC752D}.Debug|Any CPU.ActiveCfg = Debug|Any CPU
		{6F0A0EF0-640A-416C-895C-CE6748DC752D}.Debug|Any CPU.Build.0 = Debug|Any CPU
		{6F0A0EF0-640A-416C-895C-CE6748DC752D}.Debug|ARM.ActiveCfg = Debug|Any CPU
		{6F0A0EF0-640A-416C-895C-CE6748DC752D}.Debug|ARM.Build.0 = Debug|Any CPU
		{6F0A0EF0-640A-416C-895C-CE6748DC752D}.Debug|ARM64.ActiveCfg = Debug|Any CPU
		{6F0A0EF0-640A-416C-895C-CE6748DC752D}.Debug|ARM64.Build.0 = Debug|Any CPU
		{6F0A0EF0-640A-416C-895C-CE6748DC752D}.Debug|x64.ActiveCfg = Debug|Any CPU
		{6F0A0EF0-640A-416C-895C-CE6748DC752D}.Debug|x64.Build.0 = Debug|Any CPU
		{6F0A0EF0-640A-416C-895C-CE6748DC752D}.Debug|x86.ActiveCfg = Debug|Any CPU
		{6F0A0EF0-640A-416C-895C-CE6748DC752D}.Debug|x86.Build.0 = Debug|Any CPU
		{6F0A0EF0-640A-416C-895C-CE6748DC752D}.Release|Any CPU.ActiveCfg = Release|Any CPU
		{6F0A0EF0-640A-416C-895C-CE6748DC752D}.Release|Any CPU.Build.0 = Release|Any CPU
		{6F0A0EF0-640A-416C-895C-CE6748DC752D}.Release|ARM.ActiveCfg = Release|Any CPU
		{6F0A0EF0-640A-416C-895C-CE6748DC752D}.Release|ARM.Build.0 = Release|Any CPU
		{6F0A0EF0-640A-416C-895C-CE6748DC752D}.Release|ARM64.ActiveCfg = Release|Any CPU
		{6F0A0EF0-640A-416C-895C-CE6748DC752D}.Release|ARM64.Build.0 = Release|Any CPU
		{6F0A0EF0-640A-416C-895C-CE6748DC752D}.Release|x64.ActiveCfg = Release|Any CPU
		{6F0A0EF0-640A-416C-895C-CE6748DC752D}.Release|x64.Build.0 = Release|Any CPU
		{6F0A0EF0-640A-416C-895C-CE6748DC752D}.Release|x86.ActiveCfg = Release|Any CPU
		{6F0A0EF0-640A-416C-895C-CE6748DC752D}.Release|x86.Build.0 = Release|Any CPU
		{FF41770F-AC8D-48E4-95DE-AC1416C6CEB9}.Debug|Any CPU.ActiveCfg = Debug|Any CPU
		{FF41770F-AC8D-48E4-95DE-AC1416C6CEB9}.Debug|Any CPU.Build.0 = Debug|Any CPU
		{FF41770F-AC8D-48E4-95DE-AC1416C6CEB9}.Debug|ARM.ActiveCfg = Debug|Any CPU
		{FF41770F-AC8D-48E4-95DE-AC1416C6CEB9}.Debug|ARM.Build.0 = Debug|Any CPU
		{FF41770F-AC8D-48E4-95DE-AC1416C6CEB9}.Debug|ARM64.ActiveCfg = Debug|Any CPU
		{FF41770F-AC8D-48E4-95DE-AC1416C6CEB9}.Debug|ARM64.Build.0 = Debug|Any CPU
		{FF41770F-AC8D-48E4-95DE-AC1416C6CEB9}.Debug|x64.ActiveCfg = Debug|Any CPU
		{FF41770F-AC8D-48E4-95DE-AC1416C6CEB9}.Debug|x64.Build.0 = Debug|Any CPU
		{FF41770F-AC8D-48E4-95DE-AC1416C6CEB9}.Debug|x86.ActiveCfg = Debug|Any CPU
		{FF41770F-AC8D-48E4-95DE-AC1416C6CEB9}.Debug|x86.Build.0 = Debug|Any CPU
		{FF41770F-AC8D-48E4-95DE-AC1416C6CEB9}.Release|Any CPU.ActiveCfg = Release|Any CPU
		{FF41770F-AC8D-48E4-95DE-AC1416C6CEB9}.Release|Any CPU.Build.0 = Release|Any CPU
		{FF41770F-AC8D-48E4-95DE-AC1416C6CEB9}.Release|ARM.ActiveCfg = Release|Any CPU
		{FF41770F-AC8D-48E4-95DE-AC1416C6CEB9}.Release|ARM.Build.0 = Release|Any CPU
		{FF41770F-AC8D-48E4-95DE-AC1416C6CEB9}.Release|ARM64.ActiveCfg = Release|Any CPU
		{FF41770F-AC8D-48E4-95DE-AC1416C6CEB9}.Release|ARM64.Build.0 = Release|Any CPU
		{FF41770F-AC8D-48E4-95DE-AC1416C6CEB9}.Release|x64.ActiveCfg = Release|Any CPU
		{FF41770F-AC8D-48E4-95DE-AC1416C6CEB9}.Release|x64.Build.0 = Release|Any CPU
		{FF41770F-AC8D-48E4-95DE-AC1416C6CEB9}.Release|x86.ActiveCfg = Release|Any CPU
		{FF41770F-AC8D-48E4-95DE-AC1416C6CEB9}.Release|x86.Build.0 = Release|Any CPU
		{6609DE92-EBB3-478D-B550-134674CD7DBF}.Debug|Any CPU.ActiveCfg = Debug|Any CPU
		{6609DE92-EBB3-478D-B550-134674CD7DBF}.Debug|Any CPU.Build.0 = Debug|Any CPU
		{6609DE92-EBB3-478D-B550-134674CD7DBF}.Debug|ARM.ActiveCfg = Debug|Any CPU
		{6609DE92-EBB3-478D-B550-134674CD7DBF}.Debug|ARM.Build.0 = Debug|Any CPU
		{6609DE92-EBB3-478D-B550-134674CD7DBF}.Debug|ARM64.ActiveCfg = Debug|Any CPU
		{6609DE92-EBB3-478D-B550-134674CD7DBF}.Debug|ARM64.Build.0 = Debug|Any CPU
		{6609DE92-EBB3-478D-B550-134674CD7DBF}.Debug|x64.ActiveCfg = Debug|Any CPU
		{6609DE92-EBB3-478D-B550-134674CD7DBF}.Debug|x64.Build.0 = Debug|Any CPU
		{6609DE92-EBB3-478D-B550-134674CD7DBF}.Debug|x86.ActiveCfg = Debug|Any CPU
		{6609DE92-EBB3-478D-B550-134674CD7DBF}.Debug|x86.Build.0 = Debug|Any CPU
		{6609DE92-EBB3-478D-B550-134674CD7DBF}.Release|Any CPU.ActiveCfg = Release|Any CPU
		{6609DE92-EBB3-478D-B550-134674CD7DBF}.Release|Any CPU.Build.0 = Release|Any CPU
		{6609DE92-EBB3-478D-B550-134674CD7DBF}.Release|ARM.ActiveCfg = Release|Any CPU
		{6609DE92-EBB3-478D-B550-134674CD7DBF}.Release|ARM.Build.0 = Release|Any CPU
		{6609DE92-EBB3-478D-B550-134674CD7DBF}.Release|ARM64.ActiveCfg = Release|Any CPU
		{6609DE92-EBB3-478D-B550-134674CD7DBF}.Release|ARM64.Build.0 = Release|Any CPU
		{6609DE92-EBB3-478D-B550-134674CD7DBF}.Release|x64.ActiveCfg = Release|Any CPU
		{6609DE92-EBB3-478D-B550-134674CD7DBF}.Release|x64.Build.0 = Release|Any CPU
		{6609DE92-EBB3-478D-B550-134674CD7DBF}.Release|x86.ActiveCfg = Release|Any CPU
		{6609DE92-EBB3-478D-B550-134674CD7DBF}.Release|x86.Build.0 = Release|Any CPU
		{6AD0C4CD-C112-47BB-AA67-D37E4C1AE4B3}.Debug|Any CPU.ActiveCfg = Debug|Any CPU
		{6AD0C4CD-C112-47BB-AA67-D37E4C1AE4B3}.Debug|Any CPU.Build.0 = Debug|Any CPU
		{6AD0C4CD-C112-47BB-AA67-D37E4C1AE4B3}.Debug|ARM.ActiveCfg = Debug|Any CPU
		{6AD0C4CD-C112-47BB-AA67-D37E4C1AE4B3}.Debug|ARM.Build.0 = Debug|Any CPU
		{6AD0C4CD-C112-47BB-AA67-D37E4C1AE4B3}.Debug|ARM64.ActiveCfg = Debug|Any CPU
		{6AD0C4CD-C112-47BB-AA67-D37E4C1AE4B3}.Debug|ARM64.Build.0 = Debug|Any CPU
		{6AD0C4CD-C112-47BB-AA67-D37E4C1AE4B3}.Debug|x64.ActiveCfg = Debug|Any CPU
		{6AD0C4CD-C112-47BB-AA67-D37E4C1AE4B3}.Debug|x64.Build.0 = Debug|Any CPU
		{6AD0C4CD-C112-47BB-AA67-D37E4C1AE4B3}.Debug|x86.ActiveCfg = Debug|Any CPU
		{6AD0C4CD-C112-47BB-AA67-D37E4C1AE4B3}.Debug|x86.Build.0 = Debug|Any CPU
		{6AD0C4CD-C112-47BB-AA67-D37E4C1AE4B3}.Release|Any CPU.ActiveCfg = Release|Any CPU
		{6AD0C4CD-C112-47BB-AA67-D37E4C1AE4B3}.Release|Any CPU.Build.0 = Release|Any CPU
		{6AD0C4CD-C112-47BB-AA67-D37E4C1AE4B3}.Release|ARM.ActiveCfg = Release|Any CPU
		{6AD0C4CD-C112-47BB-AA67-D37E4C1AE4B3}.Release|ARM.Build.0 = Release|Any CPU
		{6AD0C4CD-C112-47BB-AA67-D37E4C1AE4B3}.Release|ARM64.ActiveCfg = Release|Any CPU
		{6AD0C4CD-C112-47BB-AA67-D37E4C1AE4B3}.Release|ARM64.Build.0 = Release|Any CPU
		{6AD0C4CD-C112-47BB-AA67-D37E4C1AE4B3}.Release|x64.ActiveCfg = Release|Any CPU
		{6AD0C4CD-C112-47BB-AA67-D37E4C1AE4B3}.Release|x64.Build.0 = Release|Any CPU
		{6AD0C4CD-C112-47BB-AA67-D37E4C1AE4B3}.Release|x86.ActiveCfg = Release|Any CPU
		{6AD0C4CD-C112-47BB-AA67-D37E4C1AE4B3}.Release|x86.Build.0 = Release|Any CPU
		{F04E8F72-C34E-48EA-AC8C-E29839FBBF32}.Debug|Any CPU.ActiveCfg = Debug|Any CPU
		{F04E8F72-C34E-48EA-AC8C-E29839FBBF32}.Debug|Any CPU.Build.0 = Debug|Any CPU
		{F04E8F72-C34E-48EA-AC8C-E29839FBBF32}.Debug|ARM.ActiveCfg = Debug|Any CPU
		{F04E8F72-C34E-48EA-AC8C-E29839FBBF32}.Debug|ARM.Build.0 = Debug|Any CPU
		{F04E8F72-C34E-48EA-AC8C-E29839FBBF32}.Debug|ARM64.ActiveCfg = Debug|Any CPU
		{F04E8F72-C34E-48EA-AC8C-E29839FBBF32}.Debug|ARM64.Build.0 = Debug|Any CPU
		{F04E8F72-C34E-48EA-AC8C-E29839FBBF32}.Debug|x64.ActiveCfg = Debug|Any CPU
		{F04E8F72-C34E-48EA-AC8C-E29839FBBF32}.Debug|x64.Build.0 = Debug|Any CPU
		{F04E8F72-C34E-48EA-AC8C-E29839FBBF32}.Debug|x86.ActiveCfg = Debug|Any CPU
		{F04E8F72-C34E-48EA-AC8C-E29839FBBF32}.Debug|x86.Build.0 = Debug|Any CPU
		{F04E8F72-C34E-48EA-AC8C-E29839FBBF32}.Release|Any CPU.ActiveCfg = Release|Any CPU
		{F04E8F72-C34E-48EA-AC8C-E29839FBBF32}.Release|Any CPU.Build.0 = Release|Any CPU
		{F04E8F72-C34E-48EA-AC8C-E29839FBBF32}.Release|ARM.ActiveCfg = Release|Any CPU
		{F04E8F72-C34E-48EA-AC8C-E29839FBBF32}.Release|ARM.Build.0 = Release|Any CPU
		{F04E8F72-C34E-48EA-AC8C-E29839FBBF32}.Release|ARM64.ActiveCfg = Release|Any CPU
		{F04E8F72-C34E-48EA-AC8C-E29839FBBF32}.Release|ARM64.Build.0 = Release|Any CPU
		{F04E8F72-C34E-48EA-AC8C-E29839FBBF32}.Release|x64.ActiveCfg = Release|Any CPU
		{F04E8F72-C34E-48EA-AC8C-E29839FBBF32}.Release|x64.Build.0 = Release|Any CPU
		{F04E8F72-C34E-48EA-AC8C-E29839FBBF32}.Release|x86.ActiveCfg = Release|Any CPU
		{F04E8F72-C34E-48EA-AC8C-E29839FBBF32}.Release|x86.Build.0 = Release|Any CPU
		{576E5A14-40C6-4B38-82CE-AB6538FE9C38}.Debug|Any CPU.ActiveCfg = Debug|Any CPU
		{576E5A14-40C6-4B38-82CE-AB6538FE9C38}.Debug|Any CPU.Build.0 = Debug|Any CPU
		{576E5A14-40C6-4B38-82CE-AB6538FE9C38}.Debug|ARM.ActiveCfg = Debug|Any CPU
		{576E5A14-40C6-4B38-82CE-AB6538FE9C38}.Debug|ARM.Build.0 = Debug|Any CPU
		{576E5A14-40C6-4B38-82CE-AB6538FE9C38}.Debug|ARM64.ActiveCfg = Debug|Any CPU
		{576E5A14-40C6-4B38-82CE-AB6538FE9C38}.Debug|ARM64.Build.0 = Debug|Any CPU
		{576E5A14-40C6-4B38-82CE-AB6538FE9C38}.Debug|x64.ActiveCfg = Debug|Any CPU
		{576E5A14-40C6-4B38-82CE-AB6538FE9C38}.Debug|x64.Build.0 = Debug|Any CPU
		{576E5A14-40C6-4B38-82CE-AB6538FE9C38}.Debug|x86.ActiveCfg = Debug|Any CPU
		{576E5A14-40C6-4B38-82CE-AB6538FE9C38}.Debug|x86.Build.0 = Debug|Any CPU
		{576E5A14-40C6-4B38-82CE-AB6538FE9C38}.Release|Any CPU.ActiveCfg = Release|Any CPU
		{576E5A14-40C6-4B38-82CE-AB6538FE9C38}.Release|Any CPU.Build.0 = Release|Any CPU
		{576E5A14-40C6-4B38-82CE-AB6538FE9C38}.Release|ARM.ActiveCfg = Release|Any CPU
		{576E5A14-40C6-4B38-82CE-AB6538FE9C38}.Release|ARM.Build.0 = Release|Any CPU
		{576E5A14-40C6-4B38-82CE-AB6538FE9C38}.Release|ARM64.ActiveCfg = Release|Any CPU
		{576E5A14-40C6-4B38-82CE-AB6538FE9C38}.Release|ARM64.Build.0 = Release|Any CPU
		{576E5A14-40C6-4B38-82CE-AB6538FE9C38}.Release|x64.ActiveCfg = Release|Any CPU
		{576E5A14-40C6-4B38-82CE-AB6538FE9C38}.Release|x64.Build.0 = Release|Any CPU
		{576E5A14-40C6-4B38-82CE-AB6538FE9C38}.Release|x86.ActiveCfg = Release|Any CPU
		{576E5A14-40C6-4B38-82CE-AB6538FE9C38}.Release|x86.Build.0 = Release|Any CPU
		{B79BCA7F-E484-4225-8ED9-3C23F58A69F8}.Debug|Any CPU.ActiveCfg = Debug|Any CPU
		{B79BCA7F-E484-4225-8ED9-3C23F58A69F8}.Debug|Any CPU.Build.0 = Debug|Any CPU
		{B79BCA7F-E484-4225-8ED9-3C23F58A69F8}.Debug|ARM.ActiveCfg = Debug|Any CPU
		{B79BCA7F-E484-4225-8ED9-3C23F58A69F8}.Debug|ARM.Build.0 = Debug|Any CPU
		{B79BCA7F-E484-4225-8ED9-3C23F58A69F8}.Debug|ARM64.ActiveCfg = Debug|Any CPU
		{B79BCA7F-E484-4225-8ED9-3C23F58A69F8}.Debug|ARM64.Build.0 = Debug|Any CPU
		{B79BCA7F-E484-4225-8ED9-3C23F58A69F8}.Debug|x64.ActiveCfg = Debug|Any CPU
		{B79BCA7F-E484-4225-8ED9-3C23F58A69F8}.Debug|x64.Build.0 = Debug|Any CPU
		{B79BCA7F-E484-4225-8ED9-3C23F58A69F8}.Debug|x86.ActiveCfg = Debug|Any CPU
		{B79BCA7F-E484-4225-8ED9-3C23F58A69F8}.Debug|x86.Build.0 = Debug|Any CPU
		{B79BCA7F-E484-4225-8ED9-3C23F58A69F8}.Release|Any CPU.ActiveCfg = Release|Any CPU
		{B79BCA7F-E484-4225-8ED9-3C23F58A69F8}.Release|Any CPU.Build.0 = Release|Any CPU
		{B79BCA7F-E484-4225-8ED9-3C23F58A69F8}.Release|ARM.ActiveCfg = Release|Any CPU
		{B79BCA7F-E484-4225-8ED9-3C23F58A69F8}.Release|ARM.Build.0 = Release|Any CPU
		{B79BCA7F-E484-4225-8ED9-3C23F58A69F8}.Release|ARM64.ActiveCfg = Release|Any CPU
		{B79BCA7F-E484-4225-8ED9-3C23F58A69F8}.Release|ARM64.Build.0 = Release|Any CPU
		{B79BCA7F-E484-4225-8ED9-3C23F58A69F8}.Release|x64.ActiveCfg = Release|Any CPU
		{B79BCA7F-E484-4225-8ED9-3C23F58A69F8}.Release|x64.Build.0 = Release|Any CPU
		{B79BCA7F-E484-4225-8ED9-3C23F58A69F8}.Release|x86.ActiveCfg = Release|Any CPU
		{B79BCA7F-E484-4225-8ED9-3C23F58A69F8}.Release|x86.Build.0 = Release|Any CPU
		{78E75CD3-39EA-474C-99C7-B6883BE5E0D5}.Debug|Any CPU.ActiveCfg = Debug|Any CPU
		{78E75CD3-39EA-474C-99C7-B6883BE5E0D5}.Debug|Any CPU.Build.0 = Debug|Any CPU
		{78E75CD3-39EA-474C-99C7-B6883BE5E0D5}.Debug|ARM.ActiveCfg = Debug|Any CPU
		{78E75CD3-39EA-474C-99C7-B6883BE5E0D5}.Debug|ARM.Build.0 = Debug|Any CPU
		{78E75CD3-39EA-474C-99C7-B6883BE5E0D5}.Debug|ARM64.ActiveCfg = Debug|Any CPU
		{78E75CD3-39EA-474C-99C7-B6883BE5E0D5}.Debug|ARM64.Build.0 = Debug|Any CPU
		{78E75CD3-39EA-474C-99C7-B6883BE5E0D5}.Debug|x64.ActiveCfg = Debug|Any CPU
		{78E75CD3-39EA-474C-99C7-B6883BE5E0D5}.Debug|x64.Build.0 = Debug|Any CPU
		{78E75CD3-39EA-474C-99C7-B6883BE5E0D5}.Debug|x86.ActiveCfg = Debug|Any CPU
		{78E75CD3-39EA-474C-99C7-B6883BE5E0D5}.Debug|x86.Build.0 = Debug|Any CPU
		{78E75CD3-39EA-474C-99C7-B6883BE5E0D5}.Release|Any CPU.ActiveCfg = Release|Any CPU
		{78E75CD3-39EA-474C-99C7-B6883BE5E0D5}.Release|Any CPU.Build.0 = Release|Any CPU
		{78E75CD3-39EA-474C-99C7-B6883BE5E0D5}.Release|ARM.ActiveCfg = Release|Any CPU
		{78E75CD3-39EA-474C-99C7-B6883BE5E0D5}.Release|ARM.Build.0 = Release|Any CPU
		{78E75CD3-39EA-474C-99C7-B6883BE5E0D5}.Release|ARM64.ActiveCfg = Release|Any CPU
		{78E75CD3-39EA-474C-99C7-B6883BE5E0D5}.Release|ARM64.Build.0 = Release|Any CPU
		{78E75CD3-39EA-474C-99C7-B6883BE5E0D5}.Release|x64.ActiveCfg = Release|Any CPU
		{78E75CD3-39EA-474C-99C7-B6883BE5E0D5}.Release|x64.Build.0 = Release|Any CPU
		{78E75CD3-39EA-474C-99C7-B6883BE5E0D5}.Release|x86.ActiveCfg = Release|Any CPU
		{78E75CD3-39EA-474C-99C7-B6883BE5E0D5}.Release|x86.Build.0 = Release|Any CPU
		{F9FAC294-B15D-4FBF-90B6-8E65DF57DB7B}.Debug|Any CPU.ActiveCfg = Debug|Any CPU
		{F9FAC294-B15D-4FBF-90B6-8E65DF57DB7B}.Debug|Any CPU.Build.0 = Debug|Any CPU
		{F9FAC294-B15D-4FBF-90B6-8E65DF57DB7B}.Debug|ARM.ActiveCfg = Debug|Any CPU
		{F9FAC294-B15D-4FBF-90B6-8E65DF57DB7B}.Debug|ARM.Build.0 = Debug|Any CPU
		{F9FAC294-B15D-4FBF-90B6-8E65DF57DB7B}.Debug|ARM64.ActiveCfg = Debug|Any CPU
		{F9FAC294-B15D-4FBF-90B6-8E65DF57DB7B}.Debug|ARM64.Build.0 = Debug|Any CPU
		{F9FAC294-B15D-4FBF-90B6-8E65DF57DB7B}.Debug|x64.ActiveCfg = Debug|Any CPU
		{F9FAC294-B15D-4FBF-90B6-8E65DF57DB7B}.Debug|x64.Build.0 = Debug|Any CPU
		{F9FAC294-B15D-4FBF-90B6-8E65DF57DB7B}.Debug|x86.ActiveCfg = Debug|Any CPU
		{F9FAC294-B15D-4FBF-90B6-8E65DF57DB7B}.Debug|x86.Build.0 = Debug|Any CPU
		{F9FAC294-B15D-4FBF-90B6-8E65DF57DB7B}.Release|Any CPU.ActiveCfg = Release|Any CPU
		{F9FAC294-B15D-4FBF-90B6-8E65DF57DB7B}.Release|Any CPU.Build.0 = Release|Any CPU
		{F9FAC294-B15D-4FBF-90B6-8E65DF57DB7B}.Release|ARM.ActiveCfg = Release|Any CPU
		{F9FAC294-B15D-4FBF-90B6-8E65DF57DB7B}.Release|ARM.Build.0 = Release|Any CPU
		{F9FAC294-B15D-4FBF-90B6-8E65DF57DB7B}.Release|ARM64.ActiveCfg = Release|Any CPU
		{F9FAC294-B15D-4FBF-90B6-8E65DF57DB7B}.Release|ARM64.Build.0 = Release|Any CPU
		{F9FAC294-B15D-4FBF-90B6-8E65DF57DB7B}.Release|x64.ActiveCfg = Release|Any CPU
		{F9FAC294-B15D-4FBF-90B6-8E65DF57DB7B}.Release|x64.Build.0 = Release|Any CPU
		{F9FAC294-B15D-4FBF-90B6-8E65DF57DB7B}.Release|x86.ActiveCfg = Release|Any CPU
		{F9FAC294-B15D-4FBF-90B6-8E65DF57DB7B}.Release|x86.Build.0 = Release|Any CPU
		{A83153C7-6F5B-47F4-AC79-A9E4DF076A21}.Debug|Any CPU.ActiveCfg = Debug|Any CPU
		{A83153C7-6F5B-47F4-AC79-A9E4DF076A21}.Debug|Any CPU.Build.0 = Debug|Any CPU
		{A83153C7-6F5B-47F4-AC79-A9E4DF076A21}.Debug|ARM.ActiveCfg = Debug|Any CPU
		{A83153C7-6F5B-47F4-AC79-A9E4DF076A21}.Debug|ARM.Build.0 = Debug|Any CPU
		{A83153C7-6F5B-47F4-AC79-A9E4DF076A21}.Debug|ARM64.ActiveCfg = Debug|Any CPU
		{A83153C7-6F5B-47F4-AC79-A9E4DF076A21}.Debug|ARM64.Build.0 = Debug|Any CPU
		{A83153C7-6F5B-47F4-AC79-A9E4DF076A21}.Debug|x64.ActiveCfg = Debug|Any CPU
		{A83153C7-6F5B-47F4-AC79-A9E4DF076A21}.Debug|x64.Build.0 = Debug|Any CPU
		{A83153C7-6F5B-47F4-AC79-A9E4DF076A21}.Debug|x86.ActiveCfg = Debug|Any CPU
		{A83153C7-6F5B-47F4-AC79-A9E4DF076A21}.Debug|x86.Build.0 = Debug|Any CPU
		{A83153C7-6F5B-47F4-AC79-A9E4DF076A21}.Release|Any CPU.ActiveCfg = Release|Any CPU
		{A83153C7-6F5B-47F4-AC79-A9E4DF076A21}.Release|Any CPU.Build.0 = Release|Any CPU
		{A83153C7-6F5B-47F4-AC79-A9E4DF076A21}.Release|ARM.ActiveCfg = Release|Any CPU
		{A83153C7-6F5B-47F4-AC79-A9E4DF076A21}.Release|ARM.Build.0 = Release|Any CPU
		{A83153C7-6F5B-47F4-AC79-A9E4DF076A21}.Release|ARM64.ActiveCfg = Release|Any CPU
		{A83153C7-6F5B-47F4-AC79-A9E4DF076A21}.Release|ARM64.Build.0 = Release|Any CPU
		{A83153C7-6F5B-47F4-AC79-A9E4DF076A21}.Release|x64.ActiveCfg = Release|Any CPU
		{A83153C7-6F5B-47F4-AC79-A9E4DF076A21}.Release|x64.Build.0 = Release|Any CPU
		{A83153C7-6F5B-47F4-AC79-A9E4DF076A21}.Release|x86.ActiveCfg = Release|Any CPU
		{A83153C7-6F5B-47F4-AC79-A9E4DF076A21}.Release|x86.Build.0 = Release|Any CPU
		{26DDD396-B248-420D-90BA-B1F3B6714BE7}.Debug|Any CPU.ActiveCfg = Debug|Any CPU
		{26DDD396-B248-420D-90BA-B1F3B6714BE7}.Debug|Any CPU.Build.0 = Debug|Any CPU
		{26DDD396-B248-420D-90BA-B1F3B6714BE7}.Debug|ARM.ActiveCfg = Debug|Any CPU
		{26DDD396-B248-420D-90BA-B1F3B6714BE7}.Debug|ARM.Build.0 = Debug|Any CPU
		{26DDD396-B248-420D-90BA-B1F3B6714BE7}.Debug|ARM64.ActiveCfg = Debug|Any CPU
		{26DDD396-B248-420D-90BA-B1F3B6714BE7}.Debug|ARM64.Build.0 = Debug|Any CPU
		{26DDD396-B248-420D-90BA-B1F3B6714BE7}.Debug|x64.ActiveCfg = Debug|Any CPU
		{26DDD396-B248-420D-90BA-B1F3B6714BE7}.Debug|x64.Build.0 = Debug|Any CPU
		{26DDD396-B248-420D-90BA-B1F3B6714BE7}.Debug|x86.ActiveCfg = Debug|Any CPU
		{26DDD396-B248-420D-90BA-B1F3B6714BE7}.Debug|x86.Build.0 = Debug|Any CPU
		{26DDD396-B248-420D-90BA-B1F3B6714BE7}.Release|Any CPU.ActiveCfg = Release|Any CPU
		{26DDD396-B248-420D-90BA-B1F3B6714BE7}.Release|Any CPU.Build.0 = Release|Any CPU
		{26DDD396-B248-420D-90BA-B1F3B6714BE7}.Release|ARM.ActiveCfg = Release|Any CPU
		{26DDD396-B248-420D-90BA-B1F3B6714BE7}.Release|ARM.Build.0 = Release|Any CPU
		{26DDD396-B248-420D-90BA-B1F3B6714BE7}.Release|ARM64.ActiveCfg = Release|Any CPU
		{26DDD396-B248-420D-90BA-B1F3B6714BE7}.Release|ARM64.Build.0 = Release|Any CPU
		{26DDD396-B248-420D-90BA-B1F3B6714BE7}.Release|x64.ActiveCfg = Release|Any CPU
		{26DDD396-B248-420D-90BA-B1F3B6714BE7}.Release|x64.Build.0 = Release|Any CPU
		{26DDD396-B248-420D-90BA-B1F3B6714BE7}.Release|x86.ActiveCfg = Release|Any CPU
		{26DDD396-B248-420D-90BA-B1F3B6714BE7}.Release|x86.Build.0 = Release|Any CPU
		{1AF7E935-A0C7-43BC-BDA0-C87188BE18D4}.Debug|Any CPU.ActiveCfg = Debug|Any CPU
		{1AF7E935-A0C7-43BC-BDA0-C87188BE18D4}.Debug|Any CPU.Build.0 = Debug|Any CPU
		{1AF7E935-A0C7-43BC-BDA0-C87188BE18D4}.Debug|ARM.ActiveCfg = Debug|Any CPU
		{1AF7E935-A0C7-43BC-BDA0-C87188BE18D4}.Debug|ARM.Build.0 = Debug|Any CPU
		{1AF7E935-A0C7-43BC-BDA0-C87188BE18D4}.Debug|ARM64.ActiveCfg = Debug|Any CPU
		{1AF7E935-A0C7-43BC-BDA0-C87188BE18D4}.Debug|ARM64.Build.0 = Debug|Any CPU
		{1AF7E935-A0C7-43BC-BDA0-C87188BE18D4}.Debug|x64.ActiveCfg = Debug|Any CPU
		{1AF7E935-A0C7-43BC-BDA0-C87188BE18D4}.Debug|x64.Build.0 = Debug|Any CPU
		{1AF7E935-A0C7-43BC-BDA0-C87188BE18D4}.Debug|x86.ActiveCfg = Debug|Any CPU
		{1AF7E935-A0C7-43BC-BDA0-C87188BE18D4}.Debug|x86.Build.0 = Debug|Any CPU
		{1AF7E935-A0C7-43BC-BDA0-C87188BE18D4}.Release|Any CPU.ActiveCfg = Release|Any CPU
		{1AF7E935-A0C7-43BC-BDA0-C87188BE18D4}.Release|Any CPU.Build.0 = Release|Any CPU
		{1AF7E935-A0C7-43BC-BDA0-C87188BE18D4}.Release|ARM.ActiveCfg = Release|Any CPU
		{1AF7E935-A0C7-43BC-BDA0-C87188BE18D4}.Release|ARM.Build.0 = Release|Any CPU
		{1AF7E935-A0C7-43BC-BDA0-C87188BE18D4}.Release|ARM64.ActiveCfg = Release|Any CPU
		{1AF7E935-A0C7-43BC-BDA0-C87188BE18D4}.Release|ARM64.Build.0 = Release|Any CPU
		{1AF7E935-A0C7-43BC-BDA0-C87188BE18D4}.Release|x64.ActiveCfg = Release|Any CPU
		{1AF7E935-A0C7-43BC-BDA0-C87188BE18D4}.Release|x64.Build.0 = Release|Any CPU
		{1AF7E935-A0C7-43BC-BDA0-C87188BE18D4}.Release|x86.ActiveCfg = Release|Any CPU
		{1AF7E935-A0C7-43BC-BDA0-C87188BE18D4}.Release|x86.Build.0 = Release|Any CPU
		{646E6EFB-6051-41C4-9868-1EF6189D6867}.Debug|Any CPU.ActiveCfg = Debug|Any CPU
		{646E6EFB-6051-41C4-9868-1EF6189D6867}.Debug|Any CPU.Build.0 = Debug|Any CPU
		{646E6EFB-6051-41C4-9868-1EF6189D6867}.Debug|ARM.ActiveCfg = Debug|Any CPU
		{646E6EFB-6051-41C4-9868-1EF6189D6867}.Debug|ARM.Build.0 = Debug|Any CPU
		{646E6EFB-6051-41C4-9868-1EF6189D6867}.Debug|ARM64.ActiveCfg = Debug|Any CPU
		{646E6EFB-6051-41C4-9868-1EF6189D6867}.Debug|ARM64.Build.0 = Debug|Any CPU
		{646E6EFB-6051-41C4-9868-1EF6189D6867}.Debug|x64.ActiveCfg = Debug|Any CPU
		{646E6EFB-6051-41C4-9868-1EF6189D6867}.Debug|x64.Build.0 = Debug|Any CPU
		{646E6EFB-6051-41C4-9868-1EF6189D6867}.Debug|x86.ActiveCfg = Debug|Any CPU
		{646E6EFB-6051-41C4-9868-1EF6189D6867}.Debug|x86.Build.0 = Debug|Any CPU
		{646E6EFB-6051-41C4-9868-1EF6189D6867}.Release|Any CPU.ActiveCfg = Release|Any CPU
		{646E6EFB-6051-41C4-9868-1EF6189D6867}.Release|Any CPU.Build.0 = Release|Any CPU
		{646E6EFB-6051-41C4-9868-1EF6189D6867}.Release|ARM.ActiveCfg = Release|Any CPU
		{646E6EFB-6051-41C4-9868-1EF6189D6867}.Release|ARM.Build.0 = Release|Any CPU
		{646E6EFB-6051-41C4-9868-1EF6189D6867}.Release|ARM64.ActiveCfg = Release|Any CPU
		{646E6EFB-6051-41C4-9868-1EF6189D6867}.Release|ARM64.Build.0 = Release|Any CPU
		{646E6EFB-6051-41C4-9868-1EF6189D6867}.Release|x64.ActiveCfg = Release|Any CPU
		{646E6EFB-6051-41C4-9868-1EF6189D6867}.Release|x64.Build.0 = Release|Any CPU
		{646E6EFB-6051-41C4-9868-1EF6189D6867}.Release|x86.ActiveCfg = Release|Any CPU
		{646E6EFB-6051-41C4-9868-1EF6189D6867}.Release|x86.Build.0 = Release|Any CPU
		{23937EBD-AB52-438F-A2BB-A4D22BD33666}.Debug|Any CPU.ActiveCfg = Debug|Any CPU
		{23937EBD-AB52-438F-A2BB-A4D22BD33666}.Debug|Any CPU.Build.0 = Debug|Any CPU
		{23937EBD-AB52-438F-A2BB-A4D22BD33666}.Debug|ARM.ActiveCfg = Debug|Any CPU
		{23937EBD-AB52-438F-A2BB-A4D22BD33666}.Debug|ARM.Build.0 = Debug|Any CPU
		{23937EBD-AB52-438F-A2BB-A4D22BD33666}.Debug|ARM64.ActiveCfg = Debug|Any CPU
		{23937EBD-AB52-438F-A2BB-A4D22BD33666}.Debug|ARM64.Build.0 = Debug|Any CPU
		{23937EBD-AB52-438F-A2BB-A4D22BD33666}.Debug|x64.ActiveCfg = Debug|Any CPU
		{23937EBD-AB52-438F-A2BB-A4D22BD33666}.Debug|x64.Build.0 = Debug|Any CPU
		{23937EBD-AB52-438F-A2BB-A4D22BD33666}.Debug|x86.ActiveCfg = Debug|Any CPU
		{23937EBD-AB52-438F-A2BB-A4D22BD33666}.Debug|x86.Build.0 = Debug|Any CPU
		{23937EBD-AB52-438F-A2BB-A4D22BD33666}.Release|Any CPU.ActiveCfg = Release|Any CPU
		{23937EBD-AB52-438F-A2BB-A4D22BD33666}.Release|Any CPU.Build.0 = Release|Any CPU
		{23937EBD-AB52-438F-A2BB-A4D22BD33666}.Release|ARM.ActiveCfg = Release|Any CPU
		{23937EBD-AB52-438F-A2BB-A4D22BD33666}.Release|ARM.Build.0 = Release|Any CPU
		{23937EBD-AB52-438F-A2BB-A4D22BD33666}.Release|ARM64.ActiveCfg = Release|Any CPU
		{23937EBD-AB52-438F-A2BB-A4D22BD33666}.Release|ARM64.Build.0 = Release|Any CPU
		{23937EBD-AB52-438F-A2BB-A4D22BD33666}.Release|x64.ActiveCfg = Release|Any CPU
		{23937EBD-AB52-438F-A2BB-A4D22BD33666}.Release|x64.Build.0 = Release|Any CPU
		{23937EBD-AB52-438F-A2BB-A4D22BD33666}.Release|x86.ActiveCfg = Release|Any CPU
		{23937EBD-AB52-438F-A2BB-A4D22BD33666}.Release|x86.Build.0 = Release|Any CPU
		{3B630C31-C131-4978-A7D2-367A9CB2B7C1}.Debug|Any CPU.ActiveCfg = Debug|Any CPU
		{3B630C31-C131-4978-A7D2-367A9CB2B7C1}.Debug|Any CPU.Build.0 = Debug|Any CPU
		{3B630C31-C131-4978-A7D2-367A9CB2B7C1}.Debug|ARM.ActiveCfg = Debug|Any CPU
		{3B630C31-C131-4978-A7D2-367A9CB2B7C1}.Debug|ARM.Build.0 = Debug|Any CPU
		{3B630C31-C131-4978-A7D2-367A9CB2B7C1}.Debug|ARM64.ActiveCfg = Debug|Any CPU
		{3B630C31-C131-4978-A7D2-367A9CB2B7C1}.Debug|ARM64.Build.0 = Debug|Any CPU
		{3B630C31-C131-4978-A7D2-367A9CB2B7C1}.Debug|x64.ActiveCfg = Debug|Any CPU
		{3B630C31-C131-4978-A7D2-367A9CB2B7C1}.Debug|x64.Build.0 = Debug|Any CPU
		{3B630C31-C131-4978-A7D2-367A9CB2B7C1}.Debug|x86.ActiveCfg = Debug|Any CPU
		{3B630C31-C131-4978-A7D2-367A9CB2B7C1}.Debug|x86.Build.0 = Debug|Any CPU
		{3B630C31-C131-4978-A7D2-367A9CB2B7C1}.Release|Any CPU.ActiveCfg = Release|Any CPU
		{3B630C31-C131-4978-A7D2-367A9CB2B7C1}.Release|Any CPU.Build.0 = Release|Any CPU
		{3B630C31-C131-4978-A7D2-367A9CB2B7C1}.Release|ARM.ActiveCfg = Release|Any CPU
		{3B630C31-C131-4978-A7D2-367A9CB2B7C1}.Release|ARM.Build.0 = Release|Any CPU
		{3B630C31-C131-4978-A7D2-367A9CB2B7C1}.Release|ARM64.ActiveCfg = Release|Any CPU
		{3B630C31-C131-4978-A7D2-367A9CB2B7C1}.Release|ARM64.Build.0 = Release|Any CPU
		{3B630C31-C131-4978-A7D2-367A9CB2B7C1}.Release|x64.ActiveCfg = Release|Any CPU
		{3B630C31-C131-4978-A7D2-367A9CB2B7C1}.Release|x64.Build.0 = Release|Any CPU
		{3B630C31-C131-4978-A7D2-367A9CB2B7C1}.Release|x86.ActiveCfg = Release|Any CPU
		{3B630C31-C131-4978-A7D2-367A9CB2B7C1}.Release|x86.Build.0 = Release|Any CPU
		{31F057EC-A69C-4FAD-81FC-47AAE62E6FF2}.Debug|Any CPU.ActiveCfg = Debug|Any CPU
		{31F057EC-A69C-4FAD-81FC-47AAE62E6FF2}.Debug|Any CPU.Build.0 = Debug|Any CPU
		{31F057EC-A69C-4FAD-81FC-47AAE62E6FF2}.Debug|ARM.ActiveCfg = Debug|Any CPU
		{31F057EC-A69C-4FAD-81FC-47AAE62E6FF2}.Debug|ARM.Build.0 = Debug|Any CPU
		{31F057EC-A69C-4FAD-81FC-47AAE62E6FF2}.Debug|ARM64.ActiveCfg = Debug|Any CPU
		{31F057EC-A69C-4FAD-81FC-47AAE62E6FF2}.Debug|ARM64.Build.0 = Debug|Any CPU
		{31F057EC-A69C-4FAD-81FC-47AAE62E6FF2}.Debug|x64.ActiveCfg = Debug|Any CPU
		{31F057EC-A69C-4FAD-81FC-47AAE62E6FF2}.Debug|x64.Build.0 = Debug|Any CPU
		{31F057EC-A69C-4FAD-81FC-47AAE62E6FF2}.Debug|x86.ActiveCfg = Debug|Any CPU
		{31F057EC-A69C-4FAD-81FC-47AAE62E6FF2}.Debug|x86.Build.0 = Debug|Any CPU
		{31F057EC-A69C-4FAD-81FC-47AAE62E6FF2}.Release|Any CPU.ActiveCfg = Release|Any CPU
		{31F057EC-A69C-4FAD-81FC-47AAE62E6FF2}.Release|Any CPU.Build.0 = Release|Any CPU
		{31F057EC-A69C-4FAD-81FC-47AAE62E6FF2}.Release|ARM.ActiveCfg = Release|Any CPU
		{31F057EC-A69C-4FAD-81FC-47AAE62E6FF2}.Release|ARM.Build.0 = Release|Any CPU
		{31F057EC-A69C-4FAD-81FC-47AAE62E6FF2}.Release|ARM64.ActiveCfg = Release|Any CPU
		{31F057EC-A69C-4FAD-81FC-47AAE62E6FF2}.Release|ARM64.Build.0 = Release|Any CPU
		{31F057EC-A69C-4FAD-81FC-47AAE62E6FF2}.Release|x64.ActiveCfg = Release|Any CPU
		{31F057EC-A69C-4FAD-81FC-47AAE62E6FF2}.Release|x64.Build.0 = Release|Any CPU
		{31F057EC-A69C-4FAD-81FC-47AAE62E6FF2}.Release|x86.ActiveCfg = Release|Any CPU
		{31F057EC-A69C-4FAD-81FC-47AAE62E6FF2}.Release|x86.Build.0 = Release|Any CPU
		{4A5AD6F2-919C-4053-9316-37821FDE8E21}.Debug|Any CPU.ActiveCfg = Debug|Any CPU
		{4A5AD6F2-919C-4053-9316-37821FDE8E21}.Debug|Any CPU.Build.0 = Debug|Any CPU
		{4A5AD6F2-919C-4053-9316-37821FDE8E21}.Debug|ARM.ActiveCfg = Debug|Any CPU
		{4A5AD6F2-919C-4053-9316-37821FDE8E21}.Debug|ARM.Build.0 = Debug|Any CPU
		{4A5AD6F2-919C-4053-9316-37821FDE8E21}.Debug|ARM64.ActiveCfg = Debug|Any CPU
		{4A5AD6F2-919C-4053-9316-37821FDE8E21}.Debug|ARM64.Build.0 = Debug|Any CPU
		{4A5AD6F2-919C-4053-9316-37821FDE8E21}.Debug|x64.ActiveCfg = Debug|Any CPU
		{4A5AD6F2-919C-4053-9316-37821FDE8E21}.Debug|x64.Build.0 = Debug|Any CPU
		{4A5AD6F2-919C-4053-9316-37821FDE8E21}.Debug|x86.ActiveCfg = Debug|Any CPU
		{4A5AD6F2-919C-4053-9316-37821FDE8E21}.Debug|x86.Build.0 = Debug|Any CPU
		{4A5AD6F2-919C-4053-9316-37821FDE8E21}.Release|Any CPU.ActiveCfg = Release|Any CPU
		{4A5AD6F2-919C-4053-9316-37821FDE8E21}.Release|Any CPU.Build.0 = Release|Any CPU
		{4A5AD6F2-919C-4053-9316-37821FDE8E21}.Release|ARM.ActiveCfg = Release|Any CPU
		{4A5AD6F2-919C-4053-9316-37821FDE8E21}.Release|ARM.Build.0 = Release|Any CPU
		{4A5AD6F2-919C-4053-9316-37821FDE8E21}.Release|ARM64.ActiveCfg = Release|Any CPU
		{4A5AD6F2-919C-4053-9316-37821FDE8E21}.Release|ARM64.Build.0 = Release|Any CPU
		{4A5AD6F2-919C-4053-9316-37821FDE8E21}.Release|x64.ActiveCfg = Release|Any CPU
		{4A5AD6F2-919C-4053-9316-37821FDE8E21}.Release|x64.Build.0 = Release|Any CPU
		{4A5AD6F2-919C-4053-9316-37821FDE8E21}.Release|x86.ActiveCfg = Release|Any CPU
		{4A5AD6F2-919C-4053-9316-37821FDE8E21}.Release|x86.Build.0 = Release|Any CPU
		{981E43F6-91CE-44CB-B829-A9C59C491761}.Debug|Any CPU.ActiveCfg = Debug|Any CPU
		{981E43F6-91CE-44CB-B829-A9C59C491761}.Debug|Any CPU.Build.0 = Debug|Any CPU
		{981E43F6-91CE-44CB-B829-A9C59C491761}.Debug|ARM.ActiveCfg = Debug|Any CPU
		{981E43F6-91CE-44CB-B829-A9C59C491761}.Debug|ARM.Build.0 = Debug|Any CPU
		{981E43F6-91CE-44CB-B829-A9C59C491761}.Debug|ARM64.ActiveCfg = Debug|Any CPU
		{981E43F6-91CE-44CB-B829-A9C59C491761}.Debug|ARM64.Build.0 = Debug|Any CPU
		{981E43F6-91CE-44CB-B829-A9C59C491761}.Debug|x64.ActiveCfg = Debug|Any CPU
		{981E43F6-91CE-44CB-B829-A9C59C491761}.Debug|x64.Build.0 = Debug|Any CPU
		{981E43F6-91CE-44CB-B829-A9C59C491761}.Debug|x86.ActiveCfg = Debug|Any CPU
		{981E43F6-91CE-44CB-B829-A9C59C491761}.Debug|x86.Build.0 = Debug|Any CPU
		{981E43F6-91CE-44CB-B829-A9C59C491761}.Release|Any CPU.ActiveCfg = Release|Any CPU
		{981E43F6-91CE-44CB-B829-A9C59C491761}.Release|Any CPU.Build.0 = Release|Any CPU
		{981E43F6-91CE-44CB-B829-A9C59C491761}.Release|ARM.ActiveCfg = Release|Any CPU
		{981E43F6-91CE-44CB-B829-A9C59C491761}.Release|ARM.Build.0 = Release|Any CPU
		{981E43F6-91CE-44CB-B829-A9C59C491761}.Release|ARM64.ActiveCfg = Release|Any CPU
		{981E43F6-91CE-44CB-B829-A9C59C491761}.Release|ARM64.Build.0 = Release|Any CPU
		{981E43F6-91CE-44CB-B829-A9C59C491761}.Release|x64.ActiveCfg = Release|Any CPU
		{981E43F6-91CE-44CB-B829-A9C59C491761}.Release|x64.Build.0 = Release|Any CPU
		{981E43F6-91CE-44CB-B829-A9C59C491761}.Release|x86.ActiveCfg = Release|Any CPU
		{981E43F6-91CE-44CB-B829-A9C59C491761}.Release|x86.Build.0 = Release|Any CPU
		{FA577929-AB33-47EC-8AFC-90FC5292700A}.Debug|Any CPU.ActiveCfg = Debug|Any CPU
		{FA577929-AB33-47EC-8AFC-90FC5292700A}.Debug|Any CPU.Build.0 = Debug|Any CPU
		{FA577929-AB33-47EC-8AFC-90FC5292700A}.Debug|ARM.ActiveCfg = Debug|Any CPU
		{FA577929-AB33-47EC-8AFC-90FC5292700A}.Debug|ARM.Build.0 = Debug|Any CPU
		{FA577929-AB33-47EC-8AFC-90FC5292700A}.Debug|ARM64.ActiveCfg = Debug|Any CPU
		{FA577929-AB33-47EC-8AFC-90FC5292700A}.Debug|ARM64.Build.0 = Debug|Any CPU
		{FA577929-AB33-47EC-8AFC-90FC5292700A}.Debug|x64.ActiveCfg = Debug|Any CPU
		{FA577929-AB33-47EC-8AFC-90FC5292700A}.Debug|x64.Build.0 = Debug|Any CPU
		{FA577929-AB33-47EC-8AFC-90FC5292700A}.Debug|x86.ActiveCfg = Debug|Any CPU
		{FA577929-AB33-47EC-8AFC-90FC5292700A}.Debug|x86.Build.0 = Debug|Any CPU
		{FA577929-AB33-47EC-8AFC-90FC5292700A}.Release|Any CPU.ActiveCfg = Release|Any CPU
		{FA577929-AB33-47EC-8AFC-90FC5292700A}.Release|Any CPU.Build.0 = Release|Any CPU
		{FA577929-AB33-47EC-8AFC-90FC5292700A}.Release|ARM.ActiveCfg = Release|Any CPU
		{FA577929-AB33-47EC-8AFC-90FC5292700A}.Release|ARM.Build.0 = Release|Any CPU
		{FA577929-AB33-47EC-8AFC-90FC5292700A}.Release|ARM64.ActiveCfg = Release|Any CPU
		{FA577929-AB33-47EC-8AFC-90FC5292700A}.Release|ARM64.Build.0 = Release|Any CPU
		{FA577929-AB33-47EC-8AFC-90FC5292700A}.Release|x64.ActiveCfg = Release|Any CPU
		{FA577929-AB33-47EC-8AFC-90FC5292700A}.Release|x64.Build.0 = Release|Any CPU
		{FA577929-AB33-47EC-8AFC-90FC5292700A}.Release|x86.ActiveCfg = Release|Any CPU
		{FA577929-AB33-47EC-8AFC-90FC5292700A}.Release|x86.Build.0 = Release|Any CPU
		{5CF394EA-BF74-4E4C-835C-AD661EB987B1}.Debug|Any CPU.ActiveCfg = Debug|Any CPU
		{5CF394EA-BF74-4E4C-835C-AD661EB987B1}.Debug|Any CPU.Build.0 = Debug|Any CPU
		{5CF394EA-BF74-4E4C-835C-AD661EB987B1}.Debug|ARM.ActiveCfg = Debug|Any CPU
		{5CF394EA-BF74-4E4C-835C-AD661EB987B1}.Debug|ARM.Build.0 = Debug|Any CPU
		{5CF394EA-BF74-4E4C-835C-AD661EB987B1}.Debug|ARM64.ActiveCfg = Debug|Any CPU
		{5CF394EA-BF74-4E4C-835C-AD661EB987B1}.Debug|ARM64.Build.0 = Debug|Any CPU
		{5CF394EA-BF74-4E4C-835C-AD661EB987B1}.Debug|x64.ActiveCfg = Debug|Any CPU
		{5CF394EA-BF74-4E4C-835C-AD661EB987B1}.Debug|x64.Build.0 = Debug|Any CPU
		{5CF394EA-BF74-4E4C-835C-AD661EB987B1}.Debug|x86.ActiveCfg = Debug|Any CPU
		{5CF394EA-BF74-4E4C-835C-AD661EB987B1}.Debug|x86.Build.0 = Debug|Any CPU
		{5CF394EA-BF74-4E4C-835C-AD661EB987B1}.Release|Any CPU.ActiveCfg = Release|Any CPU
		{5CF394EA-BF74-4E4C-835C-AD661EB987B1}.Release|Any CPU.Build.0 = Release|Any CPU
		{5CF394EA-BF74-4E4C-835C-AD661EB987B1}.Release|ARM.ActiveCfg = Release|Any CPU
		{5CF394EA-BF74-4E4C-835C-AD661EB987B1}.Release|ARM.Build.0 = Release|Any CPU
		{5CF394EA-BF74-4E4C-835C-AD661EB987B1}.Release|ARM64.ActiveCfg = Release|Any CPU
		{5CF394EA-BF74-4E4C-835C-AD661EB987B1}.Release|ARM64.Build.0 = Release|Any CPU
		{5CF394EA-BF74-4E4C-835C-AD661EB987B1}.Release|x64.ActiveCfg = Release|Any CPU
		{5CF394EA-BF74-4E4C-835C-AD661EB987B1}.Release|x64.Build.0 = Release|Any CPU
		{5CF394EA-BF74-4E4C-835C-AD661EB987B1}.Release|x86.ActiveCfg = Release|Any CPU
		{5CF394EA-BF74-4E4C-835C-AD661EB987B1}.Release|x86.Build.0 = Release|Any CPU
		{60680026-D2B6-49C7-82B5-7AF8733EEE26}.Debug|Any CPU.ActiveCfg = Debug|Any CPU
		{60680026-D2B6-49C7-82B5-7AF8733EEE26}.Debug|Any CPU.Build.0 = Debug|Any CPU
		{60680026-D2B6-49C7-82B5-7AF8733EEE26}.Debug|ARM.ActiveCfg = Debug|Any CPU
		{60680026-D2B6-49C7-82B5-7AF8733EEE26}.Debug|ARM.Build.0 = Debug|Any CPU
		{60680026-D2B6-49C7-82B5-7AF8733EEE26}.Debug|ARM64.ActiveCfg = Debug|Any CPU
		{60680026-D2B6-49C7-82B5-7AF8733EEE26}.Debug|ARM64.Build.0 = Debug|Any CPU
		{60680026-D2B6-49C7-82B5-7AF8733EEE26}.Debug|x64.ActiveCfg = Debug|Any CPU
		{60680026-D2B6-49C7-82B5-7AF8733EEE26}.Debug|x64.Build.0 = Debug|Any CPU
		{60680026-D2B6-49C7-82B5-7AF8733EEE26}.Debug|x86.ActiveCfg = Debug|Any CPU
		{60680026-D2B6-49C7-82B5-7AF8733EEE26}.Debug|x86.Build.0 = Debug|Any CPU
		{60680026-D2B6-49C7-82B5-7AF8733EEE26}.Release|Any CPU.ActiveCfg = Release|Any CPU
		{60680026-D2B6-49C7-82B5-7AF8733EEE26}.Release|Any CPU.Build.0 = Release|Any CPU
		{60680026-D2B6-49C7-82B5-7AF8733EEE26}.Release|ARM.ActiveCfg = Release|Any CPU
		{60680026-D2B6-49C7-82B5-7AF8733EEE26}.Release|ARM.Build.0 = Release|Any CPU
		{60680026-D2B6-49C7-82B5-7AF8733EEE26}.Release|ARM64.ActiveCfg = Release|Any CPU
		{60680026-D2B6-49C7-82B5-7AF8733EEE26}.Release|ARM64.Build.0 = Release|Any CPU
		{60680026-D2B6-49C7-82B5-7AF8733EEE26}.Release|x64.ActiveCfg = Release|Any CPU
		{60680026-D2B6-49C7-82B5-7AF8733EEE26}.Release|x64.Build.0 = Release|Any CPU
		{60680026-D2B6-49C7-82B5-7AF8733EEE26}.Release|x86.ActiveCfg = Release|Any CPU
		{60680026-D2B6-49C7-82B5-7AF8733EEE26}.Release|x86.Build.0 = Release|Any CPU
		{DD12C0C3-BC44-49FA-B173-C0172366770E}.Debug|Any CPU.ActiveCfg = Debug|Any CPU
		{DD12C0C3-BC44-49FA-B173-C0172366770E}.Debug|Any CPU.Build.0 = Debug|Any CPU
		{DD12C0C3-BC44-49FA-B173-C0172366770E}.Debug|ARM.ActiveCfg = Debug|Any CPU
		{DD12C0C3-BC44-49FA-B173-C0172366770E}.Debug|ARM.Build.0 = Debug|Any CPU
		{DD12C0C3-BC44-49FA-B173-C0172366770E}.Debug|ARM64.ActiveCfg = Debug|Any CPU
		{DD12C0C3-BC44-49FA-B173-C0172366770E}.Debug|ARM64.Build.0 = Debug|Any CPU
		{DD12C0C3-BC44-49FA-B173-C0172366770E}.Debug|x64.ActiveCfg = Debug|Any CPU
		{DD12C0C3-BC44-49FA-B173-C0172366770E}.Debug|x64.Build.0 = Debug|Any CPU
		{DD12C0C3-BC44-49FA-B173-C0172366770E}.Debug|x86.ActiveCfg = Debug|Any CPU
		{DD12C0C3-BC44-49FA-B173-C0172366770E}.Debug|x86.Build.0 = Debug|Any CPU
		{DD12C0C3-BC44-49FA-B173-C0172366770E}.Release|Any CPU.ActiveCfg = Release|Any CPU
		{DD12C0C3-BC44-49FA-B173-C0172366770E}.Release|Any CPU.Build.0 = Release|Any CPU
		{DD12C0C3-BC44-49FA-B173-C0172366770E}.Release|ARM.ActiveCfg = Release|Any CPU
		{DD12C0C3-BC44-49FA-B173-C0172366770E}.Release|ARM.Build.0 = Release|Any CPU
		{DD12C0C3-BC44-49FA-B173-C0172366770E}.Release|ARM64.ActiveCfg = Release|Any CPU
		{DD12C0C3-BC44-49FA-B173-C0172366770E}.Release|ARM64.Build.0 = Release|Any CPU
		{DD12C0C3-BC44-49FA-B173-C0172366770E}.Release|x64.ActiveCfg = Release|Any CPU
		{DD12C0C3-BC44-49FA-B173-C0172366770E}.Release|x64.Build.0 = Release|Any CPU
		{DD12C0C3-BC44-49FA-B173-C0172366770E}.Release|x86.ActiveCfg = Release|Any CPU
		{DD12C0C3-BC44-49FA-B173-C0172366770E}.Release|x86.Build.0 = Release|Any CPU
		{D72D19C9-0BFD-4E2C-8F69-295326255A78}.Debug|Any CPU.ActiveCfg = Debug|Any CPU
		{D72D19C9-0BFD-4E2C-8F69-295326255A78}.Debug|Any CPU.Build.0 = Debug|Any CPU
		{D72D19C9-0BFD-4E2C-8F69-295326255A78}.Debug|ARM.ActiveCfg = Debug|Any CPU
		{D72D19C9-0BFD-4E2C-8F69-295326255A78}.Debug|ARM.Build.0 = Debug|Any CPU
		{D72D19C9-0BFD-4E2C-8F69-295326255A78}.Debug|ARM64.ActiveCfg = Debug|Any CPU
		{D72D19C9-0BFD-4E2C-8F69-295326255A78}.Debug|ARM64.Build.0 = Debug|Any CPU
		{D72D19C9-0BFD-4E2C-8F69-295326255A78}.Debug|x64.ActiveCfg = Debug|Any CPU
		{D72D19C9-0BFD-4E2C-8F69-295326255A78}.Debug|x64.Build.0 = Debug|Any CPU
		{D72D19C9-0BFD-4E2C-8F69-295326255A78}.Debug|x86.ActiveCfg = Debug|Any CPU
		{D72D19C9-0BFD-4E2C-8F69-295326255A78}.Debug|x86.Build.0 = Debug|Any CPU
		{D72D19C9-0BFD-4E2C-8F69-295326255A78}.Release|Any CPU.ActiveCfg = Release|Any CPU
		{D72D19C9-0BFD-4E2C-8F69-295326255A78}.Release|Any CPU.Build.0 = Release|Any CPU
		{D72D19C9-0BFD-4E2C-8F69-295326255A78}.Release|ARM.ActiveCfg = Release|Any CPU
		{D72D19C9-0BFD-4E2C-8F69-295326255A78}.Release|ARM.Build.0 = Release|Any CPU
		{D72D19C9-0BFD-4E2C-8F69-295326255A78}.Release|ARM64.ActiveCfg = Release|Any CPU
		{D72D19C9-0BFD-4E2C-8F69-295326255A78}.Release|ARM64.Build.0 = Release|Any CPU
		{D72D19C9-0BFD-4E2C-8F69-295326255A78}.Release|x64.ActiveCfg = Release|Any CPU
		{D72D19C9-0BFD-4E2C-8F69-295326255A78}.Release|x64.Build.0 = Release|Any CPU
		{D72D19C9-0BFD-4E2C-8F69-295326255A78}.Release|x86.ActiveCfg = Release|Any CPU
		{D72D19C9-0BFD-4E2C-8F69-295326255A78}.Release|x86.Build.0 = Release|Any CPU
		{882EEE20-7B92-471E-A11B-60F13746DF6D}.Debug|Any CPU.ActiveCfg = Debug|Any CPU
		{882EEE20-7B92-471E-A11B-60F13746DF6D}.Debug|Any CPU.Build.0 = Debug|Any CPU
		{882EEE20-7B92-471E-A11B-60F13746DF6D}.Debug|ARM.ActiveCfg = Debug|Any CPU
		{882EEE20-7B92-471E-A11B-60F13746DF6D}.Debug|ARM.Build.0 = Debug|Any CPU
		{882EEE20-7B92-471E-A11B-60F13746DF6D}.Debug|ARM64.ActiveCfg = Debug|Any CPU
		{882EEE20-7B92-471E-A11B-60F13746DF6D}.Debug|ARM64.Build.0 = Debug|Any CPU
		{882EEE20-7B92-471E-A11B-60F13746DF6D}.Debug|x64.ActiveCfg = Debug|Any CPU
		{882EEE20-7B92-471E-A11B-60F13746DF6D}.Debug|x64.Build.0 = Debug|Any CPU
		{882EEE20-7B92-471E-A11B-60F13746DF6D}.Debug|x86.ActiveCfg = Debug|Any CPU
		{882EEE20-7B92-471E-A11B-60F13746DF6D}.Debug|x86.Build.0 = Debug|Any CPU
		{882EEE20-7B92-471E-A11B-60F13746DF6D}.Release|Any CPU.ActiveCfg = Release|Any CPU
		{882EEE20-7B92-471E-A11B-60F13746DF6D}.Release|Any CPU.Build.0 = Release|Any CPU
		{882EEE20-7B92-471E-A11B-60F13746DF6D}.Release|ARM.ActiveCfg = Release|Any CPU
		{882EEE20-7B92-471E-A11B-60F13746DF6D}.Release|ARM.Build.0 = Release|Any CPU
		{882EEE20-7B92-471E-A11B-60F13746DF6D}.Release|ARM64.ActiveCfg = Release|Any CPU
		{882EEE20-7B92-471E-A11B-60F13746DF6D}.Release|ARM64.Build.0 = Release|Any CPU
		{882EEE20-7B92-471E-A11B-60F13746DF6D}.Release|x64.ActiveCfg = Release|Any CPU
		{882EEE20-7B92-471E-A11B-60F13746DF6D}.Release|x64.Build.0 = Release|Any CPU
		{882EEE20-7B92-471E-A11B-60F13746DF6D}.Release|x86.ActiveCfg = Release|Any CPU
		{882EEE20-7B92-471E-A11B-60F13746DF6D}.Release|x86.Build.0 = Release|Any CPU
		{F57BF49C-E5C8-4629-AAD9-B3C8ABA5DBB4}.Debug|Any CPU.ActiveCfg = Debug|Any CPU
		{F57BF49C-E5C8-4629-AAD9-B3C8ABA5DBB4}.Debug|Any CPU.Build.0 = Debug|Any CPU
		{F57BF49C-E5C8-4629-AAD9-B3C8ABA5DBB4}.Debug|ARM.ActiveCfg = Debug|Any CPU
		{F57BF49C-E5C8-4629-AAD9-B3C8ABA5DBB4}.Debug|ARM.Build.0 = Debug|Any CPU
		{F57BF49C-E5C8-4629-AAD9-B3C8ABA5DBB4}.Debug|ARM64.ActiveCfg = Debug|Any CPU
		{F57BF49C-E5C8-4629-AAD9-B3C8ABA5DBB4}.Debug|ARM64.Build.0 = Debug|Any CPU
		{F57BF49C-E5C8-4629-AAD9-B3C8ABA5DBB4}.Debug|x64.ActiveCfg = Debug|Any CPU
		{F57BF49C-E5C8-4629-AAD9-B3C8ABA5DBB4}.Debug|x64.Build.0 = Debug|Any CPU
		{F57BF49C-E5C8-4629-AAD9-B3C8ABA5DBB4}.Debug|x86.ActiveCfg = Debug|Any CPU
		{F57BF49C-E5C8-4629-AAD9-B3C8ABA5DBB4}.Debug|x86.Build.0 = Debug|Any CPU
		{F57BF49C-E5C8-4629-AAD9-B3C8ABA5DBB4}.Release|Any CPU.ActiveCfg = Release|Any CPU
		{F57BF49C-E5C8-4629-AAD9-B3C8ABA5DBB4}.Release|Any CPU.Build.0 = Release|Any CPU
		{F57BF49C-E5C8-4629-AAD9-B3C8ABA5DBB4}.Release|ARM.ActiveCfg = Release|Any CPU
		{F57BF49C-E5C8-4629-AAD9-B3C8ABA5DBB4}.Release|ARM.Build.0 = Release|Any CPU
		{F57BF49C-E5C8-4629-AAD9-B3C8ABA5DBB4}.Release|ARM64.ActiveCfg = Release|Any CPU
		{F57BF49C-E5C8-4629-AAD9-B3C8ABA5DBB4}.Release|ARM64.Build.0 = Release|Any CPU
		{F57BF49C-E5C8-4629-AAD9-B3C8ABA5DBB4}.Release|x64.ActiveCfg = Release|Any CPU
		{F57BF49C-E5C8-4629-AAD9-B3C8ABA5DBB4}.Release|x64.Build.0 = Release|Any CPU
		{F57BF49C-E5C8-4629-AAD9-B3C8ABA5DBB4}.Release|x86.ActiveCfg = Release|Any CPU
		{F57BF49C-E5C8-4629-AAD9-B3C8ABA5DBB4}.Release|x86.Build.0 = Release|Any CPU
		{8EB92DB0-EF93-47B9-AA1C-67A78E543E57}.Debug|Any CPU.ActiveCfg = Debug|Any CPU
		{8EB92DB0-EF93-47B9-AA1C-67A78E543E57}.Debug|Any CPU.Build.0 = Debug|Any CPU
		{8EB92DB0-EF93-47B9-AA1C-67A78E543E57}.Debug|ARM.ActiveCfg = Debug|Any CPU
		{8EB92DB0-EF93-47B9-AA1C-67A78E543E57}.Debug|ARM.Build.0 = Debug|Any CPU
		{8EB92DB0-EF93-47B9-AA1C-67A78E543E57}.Debug|ARM64.ActiveCfg = Debug|Any CPU
		{8EB92DB0-EF93-47B9-AA1C-67A78E543E57}.Debug|ARM64.Build.0 = Debug|Any CPU
		{8EB92DB0-EF93-47B9-AA1C-67A78E543E57}.Debug|x64.ActiveCfg = Debug|Any CPU
		{8EB92DB0-EF93-47B9-AA1C-67A78E543E57}.Debug|x64.Build.0 = Debug|Any CPU
		{8EB92DB0-EF93-47B9-AA1C-67A78E543E57}.Debug|x86.ActiveCfg = Debug|Any CPU
		{8EB92DB0-EF93-47B9-AA1C-67A78E543E57}.Debug|x86.Build.0 = Debug|Any CPU
		{8EB92DB0-EF93-47B9-AA1C-67A78E543E57}.Release|Any CPU.ActiveCfg = Release|Any CPU
		{8EB92DB0-EF93-47B9-AA1C-67A78E543E57}.Release|Any CPU.Build.0 = Release|Any CPU
		{8EB92DB0-EF93-47B9-AA1C-67A78E543E57}.Release|ARM.ActiveCfg = Release|Any CPU
		{8EB92DB0-EF93-47B9-AA1C-67A78E543E57}.Release|ARM.Build.0 = Release|Any CPU
		{8EB92DB0-EF93-47B9-AA1C-67A78E543E57}.Release|ARM64.ActiveCfg = Release|Any CPU
		{8EB92DB0-EF93-47B9-AA1C-67A78E543E57}.Release|ARM64.Build.0 = Release|Any CPU
		{8EB92DB0-EF93-47B9-AA1C-67A78E543E57}.Release|x64.ActiveCfg = Release|Any CPU
		{8EB92DB0-EF93-47B9-AA1C-67A78E543E57}.Release|x64.Build.0 = Release|Any CPU
		{8EB92DB0-EF93-47B9-AA1C-67A78E543E57}.Release|x86.ActiveCfg = Release|Any CPU
		{8EB92DB0-EF93-47B9-AA1C-67A78E543E57}.Release|x86.Build.0 = Release|Any CPU
		{CDA98A35-F2BD-406C-B914-672615775AD8}.Debug|Any CPU.ActiveCfg = Debug|Any CPU
		{CDA98A35-F2BD-406C-B914-672615775AD8}.Debug|Any CPU.Build.0 = Debug|Any CPU
		{CDA98A35-F2BD-406C-B914-672615775AD8}.Debug|ARM.ActiveCfg = Debug|Any CPU
		{CDA98A35-F2BD-406C-B914-672615775AD8}.Debug|ARM.Build.0 = Debug|Any CPU
		{CDA98A35-F2BD-406C-B914-672615775AD8}.Debug|ARM64.ActiveCfg = Debug|Any CPU
		{CDA98A35-F2BD-406C-B914-672615775AD8}.Debug|ARM64.Build.0 = Debug|Any CPU
		{CDA98A35-F2BD-406C-B914-672615775AD8}.Debug|x64.ActiveCfg = Debug|Any CPU
		{CDA98A35-F2BD-406C-B914-672615775AD8}.Debug|x64.Build.0 = Debug|Any CPU
		{CDA98A35-F2BD-406C-B914-672615775AD8}.Debug|x86.ActiveCfg = Debug|Any CPU
		{CDA98A35-F2BD-406C-B914-672615775AD8}.Debug|x86.Build.0 = Debug|Any CPU
		{CDA98A35-F2BD-406C-B914-672615775AD8}.Release|Any CPU.ActiveCfg = Release|Any CPU
		{CDA98A35-F2BD-406C-B914-672615775AD8}.Release|Any CPU.Build.0 = Release|Any CPU
		{CDA98A35-F2BD-406C-B914-672615775AD8}.Release|ARM.ActiveCfg = Release|Any CPU
		{CDA98A35-F2BD-406C-B914-672615775AD8}.Release|ARM.Build.0 = Release|Any CPU
		{CDA98A35-F2BD-406C-B914-672615775AD8}.Release|ARM64.ActiveCfg = Release|Any CPU
		{CDA98A35-F2BD-406C-B914-672615775AD8}.Release|ARM64.Build.0 = Release|Any CPU
		{CDA98A35-F2BD-406C-B914-672615775AD8}.Release|x64.ActiveCfg = Release|Any CPU
		{CDA98A35-F2BD-406C-B914-672615775AD8}.Release|x64.Build.0 = Release|Any CPU
		{CDA98A35-F2BD-406C-B914-672615775AD8}.Release|x86.ActiveCfg = Release|Any CPU
		{CDA98A35-F2BD-406C-B914-672615775AD8}.Release|x86.Build.0 = Release|Any CPU
		{433AA6DB-6489-4D74-84B1-C321BEB578D7}.Debug|Any CPU.ActiveCfg = Debug|Any CPU
		{433AA6DB-6489-4D74-84B1-C321BEB578D7}.Debug|Any CPU.Build.0 = Debug|Any CPU
		{433AA6DB-6489-4D74-84B1-C321BEB578D7}.Debug|ARM.ActiveCfg = Debug|Any CPU
		{433AA6DB-6489-4D74-84B1-C321BEB578D7}.Debug|ARM.Build.0 = Debug|Any CPU
		{433AA6DB-6489-4D74-84B1-C321BEB578D7}.Debug|ARM64.ActiveCfg = Debug|Any CPU
		{433AA6DB-6489-4D74-84B1-C321BEB578D7}.Debug|ARM64.Build.0 = Debug|Any CPU
		{433AA6DB-6489-4D74-84B1-C321BEB578D7}.Debug|x64.ActiveCfg = Debug|Any CPU
		{433AA6DB-6489-4D74-84B1-C321BEB578D7}.Debug|x64.Build.0 = Debug|Any CPU
		{433AA6DB-6489-4D74-84B1-C321BEB578D7}.Debug|x86.ActiveCfg = Debug|Any CPU
		{433AA6DB-6489-4D74-84B1-C321BEB578D7}.Debug|x86.Build.0 = Debug|Any CPU
		{433AA6DB-6489-4D74-84B1-C321BEB578D7}.Release|Any CPU.ActiveCfg = Release|Any CPU
		{433AA6DB-6489-4D74-84B1-C321BEB578D7}.Release|Any CPU.Build.0 = Release|Any CPU
		{433AA6DB-6489-4D74-84B1-C321BEB578D7}.Release|ARM.ActiveCfg = Release|Any CPU
		{433AA6DB-6489-4D74-84B1-C321BEB578D7}.Release|ARM.Build.0 = Release|Any CPU
		{433AA6DB-6489-4D74-84B1-C321BEB578D7}.Release|ARM64.ActiveCfg = Release|Any CPU
		{433AA6DB-6489-4D74-84B1-C321BEB578D7}.Release|ARM64.Build.0 = Release|Any CPU
		{433AA6DB-6489-4D74-84B1-C321BEB578D7}.Release|x64.ActiveCfg = Release|Any CPU
		{433AA6DB-6489-4D74-84B1-C321BEB578D7}.Release|x64.Build.0 = Release|Any CPU
		{433AA6DB-6489-4D74-84B1-C321BEB578D7}.Release|x86.ActiveCfg = Release|Any CPU
		{433AA6DB-6489-4D74-84B1-C321BEB578D7}.Release|x86.Build.0 = Release|Any CPU
		{99CB336C-BB01-4EED-8D76-32073A2E6172}.Debug|Any CPU.ActiveCfg = Debug|Any CPU
		{99CB336C-BB01-4EED-8D76-32073A2E6172}.Debug|Any CPU.Build.0 = Debug|Any CPU
		{99CB336C-BB01-4EED-8D76-32073A2E6172}.Debug|ARM.ActiveCfg = Debug|Any CPU
		{99CB336C-BB01-4EED-8D76-32073A2E6172}.Debug|ARM.Build.0 = Debug|Any CPU
		{99CB336C-BB01-4EED-8D76-32073A2E6172}.Debug|ARM64.ActiveCfg = Debug|Any CPU
		{99CB336C-BB01-4EED-8D76-32073A2E6172}.Debug|ARM64.Build.0 = Debug|Any CPU
		{99CB336C-BB01-4EED-8D76-32073A2E6172}.Debug|x64.ActiveCfg = Debug|Any CPU
		{99CB336C-BB01-4EED-8D76-32073A2E6172}.Debug|x64.Build.0 = Debug|Any CPU
		{99CB336C-BB01-4EED-8D76-32073A2E6172}.Debug|x86.ActiveCfg = Debug|Any CPU
		{99CB336C-BB01-4EED-8D76-32073A2E6172}.Debug|x86.Build.0 = Debug|Any CPU
		{99CB336C-BB01-4EED-8D76-32073A2E6172}.Release|Any CPU.ActiveCfg = Release|Any CPU
		{99CB336C-BB01-4EED-8D76-32073A2E6172}.Release|Any CPU.Build.0 = Release|Any CPU
		{99CB336C-BB01-4EED-8D76-32073A2E6172}.Release|ARM.ActiveCfg = Release|Any CPU
		{99CB336C-BB01-4EED-8D76-32073A2E6172}.Release|ARM.Build.0 = Release|Any CPU
		{99CB336C-BB01-4EED-8D76-32073A2E6172}.Release|ARM64.ActiveCfg = Release|Any CPU
		{99CB336C-BB01-4EED-8D76-32073A2E6172}.Release|ARM64.Build.0 = Release|Any CPU
		{99CB336C-BB01-4EED-8D76-32073A2E6172}.Release|x64.ActiveCfg = Release|Any CPU
		{99CB336C-BB01-4EED-8D76-32073A2E6172}.Release|x64.Build.0 = Release|Any CPU
		{99CB336C-BB01-4EED-8D76-32073A2E6172}.Release|x86.ActiveCfg = Release|Any CPU
		{99CB336C-BB01-4EED-8D76-32073A2E6172}.Release|x86.Build.0 = Release|Any CPU
		{3B129480-F7D7-4E64-865E-5B5F328280E0}.Debug|Any CPU.ActiveCfg = Debug|Any CPU
		{3B129480-F7D7-4E64-865E-5B5F328280E0}.Debug|Any CPU.Build.0 = Debug|Any CPU
		{3B129480-F7D7-4E64-865E-5B5F328280E0}.Debug|ARM.ActiveCfg = Debug|Any CPU
		{3B129480-F7D7-4E64-865E-5B5F328280E0}.Debug|ARM.Build.0 = Debug|Any CPU
		{3B129480-F7D7-4E64-865E-5B5F328280E0}.Debug|ARM64.ActiveCfg = Debug|Any CPU
		{3B129480-F7D7-4E64-865E-5B5F328280E0}.Debug|ARM64.Build.0 = Debug|Any CPU
		{3B129480-F7D7-4E64-865E-5B5F328280E0}.Debug|x64.ActiveCfg = Debug|Any CPU
		{3B129480-F7D7-4E64-865E-5B5F328280E0}.Debug|x64.Build.0 = Debug|Any CPU
		{3B129480-F7D7-4E64-865E-5B5F328280E0}.Debug|x86.ActiveCfg = Debug|Any CPU
		{3B129480-F7D7-4E64-865E-5B5F328280E0}.Debug|x86.Build.0 = Debug|Any CPU
		{3B129480-F7D7-4E64-865E-5B5F328280E0}.Release|Any CPU.ActiveCfg = Release|Any CPU
		{3B129480-F7D7-4E64-865E-5B5F328280E0}.Release|Any CPU.Build.0 = Release|Any CPU
		{3B129480-F7D7-4E64-865E-5B5F328280E0}.Release|ARM.ActiveCfg = Release|Any CPU
		{3B129480-F7D7-4E64-865E-5B5F328280E0}.Release|ARM.Build.0 = Release|Any CPU
		{3B129480-F7D7-4E64-865E-5B5F328280E0}.Release|ARM64.ActiveCfg = Release|Any CPU
		{3B129480-F7D7-4E64-865E-5B5F328280E0}.Release|ARM64.Build.0 = Release|Any CPU
		{3B129480-F7D7-4E64-865E-5B5F328280E0}.Release|x64.ActiveCfg = Release|Any CPU
		{3B129480-F7D7-4E64-865E-5B5F328280E0}.Release|x64.Build.0 = Release|Any CPU
		{3B129480-F7D7-4E64-865E-5B5F328280E0}.Release|x86.ActiveCfg = Release|Any CPU
		{3B129480-F7D7-4E64-865E-5B5F328280E0}.Release|x86.Build.0 = Release|Any CPU
		{3BEAE1A4-6EDF-4B45-BA18-FE54C2DA3916}.Debug|Any CPU.ActiveCfg = Debug|Any CPU
		{3BEAE1A4-6EDF-4B45-BA18-FE54C2DA3916}.Debug|Any CPU.Build.0 = Debug|Any CPU
		{3BEAE1A4-6EDF-4B45-BA18-FE54C2DA3916}.Debug|ARM.ActiveCfg = Debug|Any CPU
		{3BEAE1A4-6EDF-4B45-BA18-FE54C2DA3916}.Debug|ARM.Build.0 = Debug|Any CPU
		{3BEAE1A4-6EDF-4B45-BA18-FE54C2DA3916}.Debug|ARM64.ActiveCfg = Debug|Any CPU
		{3BEAE1A4-6EDF-4B45-BA18-FE54C2DA3916}.Debug|ARM64.Build.0 = Debug|Any CPU
		{3BEAE1A4-6EDF-4B45-BA18-FE54C2DA3916}.Debug|x64.ActiveCfg = Debug|Any CPU
		{3BEAE1A4-6EDF-4B45-BA18-FE54C2DA3916}.Debug|x64.Build.0 = Debug|Any CPU
		{3BEAE1A4-6EDF-4B45-BA18-FE54C2DA3916}.Debug|x86.ActiveCfg = Debug|Any CPU
		{3BEAE1A4-6EDF-4B45-BA18-FE54C2DA3916}.Debug|x86.Build.0 = Debug|Any CPU
		{3BEAE1A4-6EDF-4B45-BA18-FE54C2DA3916}.Release|Any CPU.ActiveCfg = Release|Any CPU
		{3BEAE1A4-6EDF-4B45-BA18-FE54C2DA3916}.Release|Any CPU.Build.0 = Release|Any CPU
		{3BEAE1A4-6EDF-4B45-BA18-FE54C2DA3916}.Release|ARM.ActiveCfg = Release|Any CPU
		{3BEAE1A4-6EDF-4B45-BA18-FE54C2DA3916}.Release|ARM.Build.0 = Release|Any CPU
		{3BEAE1A4-6EDF-4B45-BA18-FE54C2DA3916}.Release|ARM64.ActiveCfg = Release|Any CPU
		{3BEAE1A4-6EDF-4B45-BA18-FE54C2DA3916}.Release|ARM64.Build.0 = Release|Any CPU
		{3BEAE1A4-6EDF-4B45-BA18-FE54C2DA3916}.Release|x64.ActiveCfg = Release|Any CPU
		{3BEAE1A4-6EDF-4B45-BA18-FE54C2DA3916}.Release|x64.Build.0 = Release|Any CPU
		{3BEAE1A4-6EDF-4B45-BA18-FE54C2DA3916}.Release|x86.ActiveCfg = Release|Any CPU
		{3BEAE1A4-6EDF-4B45-BA18-FE54C2DA3916}.Release|x86.Build.0 = Release|Any CPU
		{047EE3C4-0C8E-4D9D-8E6D-F6EFBBEB7FF0}.Debug|Any CPU.ActiveCfg = Debug|Any CPU
		{047EE3C4-0C8E-4D9D-8E6D-F6EFBBEB7FF0}.Debug|Any CPU.Build.0 = Debug|Any CPU
		{047EE3C4-0C8E-4D9D-8E6D-F6EFBBEB7FF0}.Debug|ARM.ActiveCfg = Debug|Any CPU
		{047EE3C4-0C8E-4D9D-8E6D-F6EFBBEB7FF0}.Debug|ARM.Build.0 = Debug|Any CPU
		{047EE3C4-0C8E-4D9D-8E6D-F6EFBBEB7FF0}.Debug|ARM64.ActiveCfg = Debug|Any CPU
		{047EE3C4-0C8E-4D9D-8E6D-F6EFBBEB7FF0}.Debug|ARM64.Build.0 = Debug|Any CPU
		{047EE3C4-0C8E-4D9D-8E6D-F6EFBBEB7FF0}.Debug|x64.ActiveCfg = Debug|Any CPU
		{047EE3C4-0C8E-4D9D-8E6D-F6EFBBEB7FF0}.Debug|x64.Build.0 = Debug|Any CPU
		{047EE3C4-0C8E-4D9D-8E6D-F6EFBBEB7FF0}.Debug|x86.ActiveCfg = Debug|Any CPU
		{047EE3C4-0C8E-4D9D-8E6D-F6EFBBEB7FF0}.Debug|x86.Build.0 = Debug|Any CPU
		{047EE3C4-0C8E-4D9D-8E6D-F6EFBBEB7FF0}.Release|Any CPU.ActiveCfg = Release|Any CPU
		{047EE3C4-0C8E-4D9D-8E6D-F6EFBBEB7FF0}.Release|Any CPU.Build.0 = Release|Any CPU
		{047EE3C4-0C8E-4D9D-8E6D-F6EFBBEB7FF0}.Release|ARM.ActiveCfg = Release|Any CPU
		{047EE3C4-0C8E-4D9D-8E6D-F6EFBBEB7FF0}.Release|ARM.Build.0 = Release|Any CPU
		{047EE3C4-0C8E-4D9D-8E6D-F6EFBBEB7FF0}.Release|ARM64.ActiveCfg = Release|Any CPU
		{047EE3C4-0C8E-4D9D-8E6D-F6EFBBEB7FF0}.Release|ARM64.Build.0 = Release|Any CPU
		{047EE3C4-0C8E-4D9D-8E6D-F6EFBBEB7FF0}.Release|x64.ActiveCfg = Release|Any CPU
		{047EE3C4-0C8E-4D9D-8E6D-F6EFBBEB7FF0}.Release|x64.Build.0 = Release|Any CPU
		{047EE3C4-0C8E-4D9D-8E6D-F6EFBBEB7FF0}.Release|x86.ActiveCfg = Release|Any CPU
		{047EE3C4-0C8E-4D9D-8E6D-F6EFBBEB7FF0}.Release|x86.Build.0 = Release|Any CPU
		{D65186E7-19D7-4668-AE13-CA03CA570B33}.Debug|Any CPU.ActiveCfg = Debug|Any CPU
		{D65186E7-19D7-4668-AE13-CA03CA570B33}.Debug|Any CPU.Build.0 = Debug|Any CPU
		{D65186E7-19D7-4668-AE13-CA03CA570B33}.Debug|ARM.ActiveCfg = Debug|Any CPU
		{D65186E7-19D7-4668-AE13-CA03CA570B33}.Debug|ARM.Build.0 = Debug|Any CPU
		{D65186E7-19D7-4668-AE13-CA03CA570B33}.Debug|ARM64.ActiveCfg = Debug|Any CPU
		{D65186E7-19D7-4668-AE13-CA03CA570B33}.Debug|ARM64.Build.0 = Debug|Any CPU
		{D65186E7-19D7-4668-AE13-CA03CA570B33}.Debug|x64.ActiveCfg = Debug|Any CPU
		{D65186E7-19D7-4668-AE13-CA03CA570B33}.Debug|x64.Build.0 = Debug|Any CPU
		{D65186E7-19D7-4668-AE13-CA03CA570B33}.Debug|x86.ActiveCfg = Debug|Any CPU
		{D65186E7-19D7-4668-AE13-CA03CA570B33}.Debug|x86.Build.0 = Debug|Any CPU
		{D65186E7-19D7-4668-AE13-CA03CA570B33}.Release|Any CPU.ActiveCfg = Release|Any CPU
		{D65186E7-19D7-4668-AE13-CA03CA570B33}.Release|Any CPU.Build.0 = Release|Any CPU
		{D65186E7-19D7-4668-AE13-CA03CA570B33}.Release|ARM.ActiveCfg = Release|Any CPU
		{D65186E7-19D7-4668-AE13-CA03CA570B33}.Release|ARM.Build.0 = Release|Any CPU
		{D65186E7-19D7-4668-AE13-CA03CA570B33}.Release|ARM64.ActiveCfg = Release|Any CPU
		{D65186E7-19D7-4668-AE13-CA03CA570B33}.Release|ARM64.Build.0 = Release|Any CPU
		{D65186E7-19D7-4668-AE13-CA03CA570B33}.Release|x64.ActiveCfg = Release|Any CPU
		{D65186E7-19D7-4668-AE13-CA03CA570B33}.Release|x64.Build.0 = Release|Any CPU
		{D65186E7-19D7-4668-AE13-CA03CA570B33}.Release|x86.ActiveCfg = Release|Any CPU
		{D65186E7-19D7-4668-AE13-CA03CA570B33}.Release|x86.Build.0 = Release|Any CPU
		{C1C6FAF2-D41D-4B9E-AACA-617754EA7587}.Debug|Any CPU.ActiveCfg = Debug|Any CPU
		{C1C6FAF2-D41D-4B9E-AACA-617754EA7587}.Debug|Any CPU.Build.0 = Debug|Any CPU
		{C1C6FAF2-D41D-4B9E-AACA-617754EA7587}.Debug|ARM.ActiveCfg = Debug|Any CPU
		{C1C6FAF2-D41D-4B9E-AACA-617754EA7587}.Debug|ARM.Build.0 = Debug|Any CPU
		{C1C6FAF2-D41D-4B9E-AACA-617754EA7587}.Debug|ARM64.ActiveCfg = Debug|Any CPU
		{C1C6FAF2-D41D-4B9E-AACA-617754EA7587}.Debug|ARM64.Build.0 = Debug|Any CPU
		{C1C6FAF2-D41D-4B9E-AACA-617754EA7587}.Debug|x64.ActiveCfg = Debug|Any CPU
		{C1C6FAF2-D41D-4B9E-AACA-617754EA7587}.Debug|x64.Build.0 = Debug|Any CPU
		{C1C6FAF2-D41D-4B9E-AACA-617754EA7587}.Debug|x86.ActiveCfg = Debug|Any CPU
		{C1C6FAF2-D41D-4B9E-AACA-617754EA7587}.Debug|x86.Build.0 = Debug|Any CPU
		{C1C6FAF2-D41D-4B9E-AACA-617754EA7587}.Release|Any CPU.ActiveCfg = Release|Any CPU
		{C1C6FAF2-D41D-4B9E-AACA-617754EA7587}.Release|Any CPU.Build.0 = Release|Any CPU
		{C1C6FAF2-D41D-4B9E-AACA-617754EA7587}.Release|ARM.ActiveCfg = Release|Any CPU
		{C1C6FAF2-D41D-4B9E-AACA-617754EA7587}.Release|ARM.Build.0 = Release|Any CPU
		{C1C6FAF2-D41D-4B9E-AACA-617754EA7587}.Release|ARM64.ActiveCfg = Release|Any CPU
		{C1C6FAF2-D41D-4B9E-AACA-617754EA7587}.Release|ARM64.Build.0 = Release|Any CPU
		{C1C6FAF2-D41D-4B9E-AACA-617754EA7587}.Release|x64.ActiveCfg = Release|Any CPU
		{C1C6FAF2-D41D-4B9E-AACA-617754EA7587}.Release|x64.Build.0 = Release|Any CPU
		{C1C6FAF2-D41D-4B9E-AACA-617754EA7587}.Release|x86.ActiveCfg = Release|Any CPU
		{C1C6FAF2-D41D-4B9E-AACA-617754EA7587}.Release|x86.Build.0 = Release|Any CPU
		{D2DE9F84-0F84-4AF6-A482-2D15CCFBD463}.Debug|Any CPU.ActiveCfg = Debug|Any CPU
		{D2DE9F84-0F84-4AF6-A482-2D15CCFBD463}.Debug|Any CPU.Build.0 = Debug|Any CPU
		{D2DE9F84-0F84-4AF6-A482-2D15CCFBD463}.Debug|ARM.ActiveCfg = Debug|Any CPU
		{D2DE9F84-0F84-4AF6-A482-2D15CCFBD463}.Debug|ARM.Build.0 = Debug|Any CPU
		{D2DE9F84-0F84-4AF6-A482-2D15CCFBD463}.Debug|ARM64.ActiveCfg = Debug|Any CPU
		{D2DE9F84-0F84-4AF6-A482-2D15CCFBD463}.Debug|ARM64.Build.0 = Debug|Any CPU
		{D2DE9F84-0F84-4AF6-A482-2D15CCFBD463}.Debug|x64.ActiveCfg = Debug|Any CPU
		{D2DE9F84-0F84-4AF6-A482-2D15CCFBD463}.Debug|x64.Build.0 = Debug|Any CPU
		{D2DE9F84-0F84-4AF6-A482-2D15CCFBD463}.Debug|x86.ActiveCfg = Debug|Any CPU
		{D2DE9F84-0F84-4AF6-A482-2D15CCFBD463}.Debug|x86.Build.0 = Debug|Any CPU
		{D2DE9F84-0F84-4AF6-A482-2D15CCFBD463}.Release|Any CPU.ActiveCfg = Release|Any CPU
		{D2DE9F84-0F84-4AF6-A482-2D15CCFBD463}.Release|Any CPU.Build.0 = Release|Any CPU
		{D2DE9F84-0F84-4AF6-A482-2D15CCFBD463}.Release|ARM.ActiveCfg = Release|Any CPU
		{D2DE9F84-0F84-4AF6-A482-2D15CCFBD463}.Release|ARM.Build.0 = Release|Any CPU
		{D2DE9F84-0F84-4AF6-A482-2D15CCFBD463}.Release|ARM64.ActiveCfg = Release|Any CPU
		{D2DE9F84-0F84-4AF6-A482-2D15CCFBD463}.Release|ARM64.Build.0 = Release|Any CPU
		{D2DE9F84-0F84-4AF6-A482-2D15CCFBD463}.Release|x64.ActiveCfg = Release|Any CPU
		{D2DE9F84-0F84-4AF6-A482-2D15CCFBD463}.Release|x64.Build.0 = Release|Any CPU
		{D2DE9F84-0F84-4AF6-A482-2D15CCFBD463}.Release|x86.ActiveCfg = Release|Any CPU
		{D2DE9F84-0F84-4AF6-A482-2D15CCFBD463}.Release|x86.Build.0 = Release|Any CPU
		{BF8C7202-948D-4DD8-B0A5-4F30FDEDA3F6}.Debug|Any CPU.ActiveCfg = Debug|Any CPU
		{BF8C7202-948D-4DD8-B0A5-4F30FDEDA3F6}.Debug|Any CPU.Build.0 = Debug|Any CPU
		{BF8C7202-948D-4DD8-B0A5-4F30FDEDA3F6}.Debug|ARM.ActiveCfg = Debug|Any CPU
		{BF8C7202-948D-4DD8-B0A5-4F30FDEDA3F6}.Debug|ARM.Build.0 = Debug|Any CPU
		{BF8C7202-948D-4DD8-B0A5-4F30FDEDA3F6}.Debug|ARM64.ActiveCfg = Debug|Any CPU
		{BF8C7202-948D-4DD8-B0A5-4F30FDEDA3F6}.Debug|ARM64.Build.0 = Debug|Any CPU
		{BF8C7202-948D-4DD8-B0A5-4F30FDEDA3F6}.Debug|x64.ActiveCfg = Debug|Any CPU
		{BF8C7202-948D-4DD8-B0A5-4F30FDEDA3F6}.Debug|x64.Build.0 = Debug|Any CPU
		{BF8C7202-948D-4DD8-B0A5-4F30FDEDA3F6}.Debug|x86.ActiveCfg = Debug|Any CPU
		{BF8C7202-948D-4DD8-B0A5-4F30FDEDA3F6}.Debug|x86.Build.0 = Debug|Any CPU
		{BF8C7202-948D-4DD8-B0A5-4F30FDEDA3F6}.Release|Any CPU.ActiveCfg = Release|Any CPU
		{BF8C7202-948D-4DD8-B0A5-4F30FDEDA3F6}.Release|Any CPU.Build.0 = Release|Any CPU
		{BF8C7202-948D-4DD8-B0A5-4F30FDEDA3F6}.Release|ARM.ActiveCfg = Release|Any CPU
		{BF8C7202-948D-4DD8-B0A5-4F30FDEDA3F6}.Release|ARM.Build.0 = Release|Any CPU
		{BF8C7202-948D-4DD8-B0A5-4F30FDEDA3F6}.Release|ARM64.ActiveCfg = Release|Any CPU
		{BF8C7202-948D-4DD8-B0A5-4F30FDEDA3F6}.Release|ARM64.Build.0 = Release|Any CPU
		{BF8C7202-948D-4DD8-B0A5-4F30FDEDA3F6}.Release|x64.ActiveCfg = Release|Any CPU
		{BF8C7202-948D-4DD8-B0A5-4F30FDEDA3F6}.Release|x64.Build.0 = Release|Any CPU
		{BF8C7202-948D-4DD8-B0A5-4F30FDEDA3F6}.Release|x86.ActiveCfg = Release|Any CPU
		{BF8C7202-948D-4DD8-B0A5-4F30FDEDA3F6}.Release|x86.Build.0 = Release|Any CPU
		{90575EB2-BCCF-4730-B62B-E0957FE12EEB}.Debug|Any CPU.ActiveCfg = Debug|Any CPU
		{90575EB2-BCCF-4730-B62B-E0957FE12EEB}.Debug|Any CPU.Build.0 = Debug|Any CPU
		{90575EB2-BCCF-4730-B62B-E0957FE12EEB}.Debug|ARM.ActiveCfg = Debug|Any CPU
		{90575EB2-BCCF-4730-B62B-E0957FE12EEB}.Debug|ARM.Build.0 = Debug|Any CPU
		{90575EB2-BCCF-4730-B62B-E0957FE12EEB}.Debug|ARM64.ActiveCfg = Debug|Any CPU
		{90575EB2-BCCF-4730-B62B-E0957FE12EEB}.Debug|ARM64.Build.0 = Debug|Any CPU
		{90575EB2-BCCF-4730-B62B-E0957FE12EEB}.Debug|x64.ActiveCfg = Debug|Any CPU
		{90575EB2-BCCF-4730-B62B-E0957FE12EEB}.Debug|x64.Build.0 = Debug|Any CPU
		{90575EB2-BCCF-4730-B62B-E0957FE12EEB}.Debug|x86.ActiveCfg = Debug|Any CPU
		{90575EB2-BCCF-4730-B62B-E0957FE12EEB}.Debug|x86.Build.0 = Debug|Any CPU
		{90575EB2-BCCF-4730-B62B-E0957FE12EEB}.Release|Any CPU.ActiveCfg = Release|Any CPU
		{90575EB2-BCCF-4730-B62B-E0957FE12EEB}.Release|Any CPU.Build.0 = Release|Any CPU
		{90575EB2-BCCF-4730-B62B-E0957FE12EEB}.Release|ARM.ActiveCfg = Release|Any CPU
		{90575EB2-BCCF-4730-B62B-E0957FE12EEB}.Release|ARM.Build.0 = Release|Any CPU
		{90575EB2-BCCF-4730-B62B-E0957FE12EEB}.Release|ARM64.ActiveCfg = Release|Any CPU
		{90575EB2-BCCF-4730-B62B-E0957FE12EEB}.Release|ARM64.Build.0 = Release|Any CPU
		{90575EB2-BCCF-4730-B62B-E0957FE12EEB}.Release|x64.ActiveCfg = Release|Any CPU
		{90575EB2-BCCF-4730-B62B-E0957FE12EEB}.Release|x64.Build.0 = Release|Any CPU
		{90575EB2-BCCF-4730-B62B-E0957FE12EEB}.Release|x86.ActiveCfg = Release|Any CPU
		{90575EB2-BCCF-4730-B62B-E0957FE12EEB}.Release|x86.Build.0 = Release|Any CPU
		{FBBE4519-3C27-4FCB-86BB-F46971AF29C0}.Debug|Any CPU.ActiveCfg = Debug|Any CPU
		{FBBE4519-3C27-4FCB-86BB-F46971AF29C0}.Debug|Any CPU.Build.0 = Debug|Any CPU
		{FBBE4519-3C27-4FCB-86BB-F46971AF29C0}.Debug|ARM.ActiveCfg = Debug|Any CPU
		{FBBE4519-3C27-4FCB-86BB-F46971AF29C0}.Debug|ARM.Build.0 = Debug|Any CPU
		{FBBE4519-3C27-4FCB-86BB-F46971AF29C0}.Debug|ARM64.ActiveCfg = Debug|Any CPU
		{FBBE4519-3C27-4FCB-86BB-F46971AF29C0}.Debug|ARM64.Build.0 = Debug|Any CPU
		{FBBE4519-3C27-4FCB-86BB-F46971AF29C0}.Debug|x64.ActiveCfg = Debug|Any CPU
		{FBBE4519-3C27-4FCB-86BB-F46971AF29C0}.Debug|x64.Build.0 = Debug|Any CPU
		{FBBE4519-3C27-4FCB-86BB-F46971AF29C0}.Debug|x86.ActiveCfg = Debug|Any CPU
		{FBBE4519-3C27-4FCB-86BB-F46971AF29C0}.Debug|x86.Build.0 = Debug|Any CPU
		{FBBE4519-3C27-4FCB-86BB-F46971AF29C0}.Release|Any CPU.ActiveCfg = Release|Any CPU
		{FBBE4519-3C27-4FCB-86BB-F46971AF29C0}.Release|Any CPU.Build.0 = Release|Any CPU
		{FBBE4519-3C27-4FCB-86BB-F46971AF29C0}.Release|ARM.ActiveCfg = Release|Any CPU
		{FBBE4519-3C27-4FCB-86BB-F46971AF29C0}.Release|ARM.Build.0 = Release|Any CPU
		{FBBE4519-3C27-4FCB-86BB-F46971AF29C0}.Release|ARM64.ActiveCfg = Release|Any CPU
		{FBBE4519-3C27-4FCB-86BB-F46971AF29C0}.Release|ARM64.Build.0 = Release|Any CPU
		{FBBE4519-3C27-4FCB-86BB-F46971AF29C0}.Release|x64.ActiveCfg = Release|Any CPU
		{FBBE4519-3C27-4FCB-86BB-F46971AF29C0}.Release|x64.Build.0 = Release|Any CPU
		{FBBE4519-3C27-4FCB-86BB-F46971AF29C0}.Release|x86.ActiveCfg = Release|Any CPU
		{FBBE4519-3C27-4FCB-86BB-F46971AF29C0}.Release|x86.Build.0 = Release|Any CPU
		{819BBB90-9C65-4D2A-A79B-FD28E3458EFA}.Debug|Any CPU.ActiveCfg = Debug|Any CPU
		{819BBB90-9C65-4D2A-A79B-FD28E3458EFA}.Debug|Any CPU.Build.0 = Debug|Any CPU
		{819BBB90-9C65-4D2A-A79B-FD28E3458EFA}.Debug|ARM.ActiveCfg = Debug|Any CPU
		{819BBB90-9C65-4D2A-A79B-FD28E3458EFA}.Debug|ARM.Build.0 = Debug|Any CPU
		{819BBB90-9C65-4D2A-A79B-FD28E3458EFA}.Debug|ARM64.ActiveCfg = Debug|Any CPU
		{819BBB90-9C65-4D2A-A79B-FD28E3458EFA}.Debug|ARM64.Build.0 = Debug|Any CPU
		{819BBB90-9C65-4D2A-A79B-FD28E3458EFA}.Debug|x64.ActiveCfg = Debug|Any CPU
		{819BBB90-9C65-4D2A-A79B-FD28E3458EFA}.Debug|x64.Build.0 = Debug|Any CPU
		{819BBB90-9C65-4D2A-A79B-FD28E3458EFA}.Debug|x86.ActiveCfg = Debug|Any CPU
		{819BBB90-9C65-4D2A-A79B-FD28E3458EFA}.Debug|x86.Build.0 = Debug|Any CPU
		{819BBB90-9C65-4D2A-A79B-FD28E3458EFA}.Release|Any CPU.ActiveCfg = Release|Any CPU
		{819BBB90-9C65-4D2A-A79B-FD28E3458EFA}.Release|Any CPU.Build.0 = Release|Any CPU
		{819BBB90-9C65-4D2A-A79B-FD28E3458EFA}.Release|ARM.ActiveCfg = Release|Any CPU
		{819BBB90-9C65-4D2A-A79B-FD28E3458EFA}.Release|ARM.Build.0 = Release|Any CPU
		{819BBB90-9C65-4D2A-A79B-FD28E3458EFA}.Release|ARM64.ActiveCfg = Release|Any CPU
		{819BBB90-9C65-4D2A-A79B-FD28E3458EFA}.Release|ARM64.Build.0 = Release|Any CPU
		{819BBB90-9C65-4D2A-A79B-FD28E3458EFA}.Release|x64.ActiveCfg = Release|Any CPU
		{819BBB90-9C65-4D2A-A79B-FD28E3458EFA}.Release|x64.Build.0 = Release|Any CPU
		{819BBB90-9C65-4D2A-A79B-FD28E3458EFA}.Release|x86.ActiveCfg = Release|Any CPU
		{819BBB90-9C65-4D2A-A79B-FD28E3458EFA}.Release|x86.Build.0 = Release|Any CPU
		{A39F6AF6-3574-490D-93C7-33A1E31F291D}.Debug|Any CPU.ActiveCfg = Debug|Any CPU
		{A39F6AF6-3574-490D-93C7-33A1E31F291D}.Debug|Any CPU.Build.0 = Debug|Any CPU
		{A39F6AF6-3574-490D-93C7-33A1E31F291D}.Debug|ARM.ActiveCfg = Debug|Any CPU
		{A39F6AF6-3574-490D-93C7-33A1E31F291D}.Debug|ARM.Build.0 = Debug|Any CPU
		{A39F6AF6-3574-490D-93C7-33A1E31F291D}.Debug|ARM64.ActiveCfg = Debug|Any CPU
		{A39F6AF6-3574-490D-93C7-33A1E31F291D}.Debug|ARM64.Build.0 = Debug|Any CPU
		{A39F6AF6-3574-490D-93C7-33A1E31F291D}.Debug|x64.ActiveCfg = Debug|Any CPU
		{A39F6AF6-3574-490D-93C7-33A1E31F291D}.Debug|x64.Build.0 = Debug|Any CPU
		{A39F6AF6-3574-490D-93C7-33A1E31F291D}.Debug|x86.ActiveCfg = Debug|Any CPU
		{A39F6AF6-3574-490D-93C7-33A1E31F291D}.Debug|x86.Build.0 = Debug|Any CPU
		{A39F6AF6-3574-490D-93C7-33A1E31F291D}.Release|Any CPU.ActiveCfg = Release|Any CPU
		{A39F6AF6-3574-490D-93C7-33A1E31F291D}.Release|Any CPU.Build.0 = Release|Any CPU
		{A39F6AF6-3574-490D-93C7-33A1E31F291D}.Release|ARM.ActiveCfg = Release|Any CPU
		{A39F6AF6-3574-490D-93C7-33A1E31F291D}.Release|ARM.Build.0 = Release|Any CPU
		{A39F6AF6-3574-490D-93C7-33A1E31F291D}.Release|ARM64.ActiveCfg = Release|Any CPU
		{A39F6AF6-3574-490D-93C7-33A1E31F291D}.Release|ARM64.Build.0 = Release|Any CPU
		{A39F6AF6-3574-490D-93C7-33A1E31F291D}.Release|x64.ActiveCfg = Release|Any CPU
		{A39F6AF6-3574-490D-93C7-33A1E31F291D}.Release|x64.Build.0 = Release|Any CPU
		{A39F6AF6-3574-490D-93C7-33A1E31F291D}.Release|x86.ActiveCfg = Release|Any CPU
		{A39F6AF6-3574-490D-93C7-33A1E31F291D}.Release|x86.Build.0 = Release|Any CPU
		{C9738BDA-5D6E-45A4-B1FF-053FE9DCB866}.Debug|Any CPU.ActiveCfg = Debug|Any CPU
		{C9738BDA-5D6E-45A4-B1FF-053FE9DCB866}.Debug|Any CPU.Build.0 = Debug|Any CPU
		{C9738BDA-5D6E-45A4-B1FF-053FE9DCB866}.Debug|ARM.ActiveCfg = Debug|Any CPU
		{C9738BDA-5D6E-45A4-B1FF-053FE9DCB866}.Debug|ARM.Build.0 = Debug|Any CPU
		{C9738BDA-5D6E-45A4-B1FF-053FE9DCB866}.Debug|ARM64.ActiveCfg = Debug|Any CPU
		{C9738BDA-5D6E-45A4-B1FF-053FE9DCB866}.Debug|ARM64.Build.0 = Debug|Any CPU
		{C9738BDA-5D6E-45A4-B1FF-053FE9DCB866}.Debug|x64.ActiveCfg = Debug|Any CPU
		{C9738BDA-5D6E-45A4-B1FF-053FE9DCB866}.Debug|x64.Build.0 = Debug|Any CPU
		{C9738BDA-5D6E-45A4-B1FF-053FE9DCB866}.Debug|x86.ActiveCfg = Debug|Any CPU
		{C9738BDA-5D6E-45A4-B1FF-053FE9DCB866}.Debug|x86.Build.0 = Debug|Any CPU
		{C9738BDA-5D6E-45A4-B1FF-053FE9DCB866}.Release|Any CPU.ActiveCfg = Release|Any CPU
		{C9738BDA-5D6E-45A4-B1FF-053FE9DCB866}.Release|Any CPU.Build.0 = Release|Any CPU
		{C9738BDA-5D6E-45A4-B1FF-053FE9DCB866}.Release|ARM.ActiveCfg = Release|Any CPU
		{C9738BDA-5D6E-45A4-B1FF-053FE9DCB866}.Release|ARM.Build.0 = Release|Any CPU
		{C9738BDA-5D6E-45A4-B1FF-053FE9DCB866}.Release|ARM64.ActiveCfg = Release|Any CPU
		{C9738BDA-5D6E-45A4-B1FF-053FE9DCB866}.Release|ARM64.Build.0 = Release|Any CPU
		{C9738BDA-5D6E-45A4-B1FF-053FE9DCB866}.Release|x64.ActiveCfg = Release|Any CPU
		{C9738BDA-5D6E-45A4-B1FF-053FE9DCB866}.Release|x64.Build.0 = Release|Any CPU
		{C9738BDA-5D6E-45A4-B1FF-053FE9DCB866}.Release|x86.ActiveCfg = Release|Any CPU
		{C9738BDA-5D6E-45A4-B1FF-053FE9DCB866}.Release|x86.Build.0 = Release|Any CPU
		{2792D57C-7211-428E-BEEA-C4D4E9E8CF00}.Debug|Any CPU.ActiveCfg = Debug|Any CPU
		{2792D57C-7211-428E-BEEA-C4D4E9E8CF00}.Debug|Any CPU.Build.0 = Debug|Any CPU
		{2792D57C-7211-428E-BEEA-C4D4E9E8CF00}.Debug|ARM.ActiveCfg = Debug|Any CPU
		{2792D57C-7211-428E-BEEA-C4D4E9E8CF00}.Debug|ARM.Build.0 = Debug|Any CPU
		{2792D57C-7211-428E-BEEA-C4D4E9E8CF00}.Debug|ARM64.ActiveCfg = Debug|Any CPU
		{2792D57C-7211-428E-BEEA-C4D4E9E8CF00}.Debug|ARM64.Build.0 = Debug|Any CPU
		{2792D57C-7211-428E-BEEA-C4D4E9E8CF00}.Debug|x64.ActiveCfg = Debug|Any CPU
		{2792D57C-7211-428E-BEEA-C4D4E9E8CF00}.Debug|x64.Build.0 = Debug|Any CPU
		{2792D57C-7211-428E-BEEA-C4D4E9E8CF00}.Debug|x86.ActiveCfg = Debug|Any CPU
		{2792D57C-7211-428E-BEEA-C4D4E9E8CF00}.Debug|x86.Build.0 = Debug|Any CPU
		{2792D57C-7211-428E-BEEA-C4D4E9E8CF00}.Release|Any CPU.ActiveCfg = Release|Any CPU
		{2792D57C-7211-428E-BEEA-C4D4E9E8CF00}.Release|Any CPU.Build.0 = Release|Any CPU
		{2792D57C-7211-428E-BEEA-C4D4E9E8CF00}.Release|ARM.ActiveCfg = Release|Any CPU
		{2792D57C-7211-428E-BEEA-C4D4E9E8CF00}.Release|ARM.Build.0 = Release|Any CPU
		{2792D57C-7211-428E-BEEA-C4D4E9E8CF00}.Release|ARM64.ActiveCfg = Release|Any CPU
		{2792D57C-7211-428E-BEEA-C4D4E9E8CF00}.Release|ARM64.Build.0 = Release|Any CPU
		{2792D57C-7211-428E-BEEA-C4D4E9E8CF00}.Release|x64.ActiveCfg = Release|Any CPU
		{2792D57C-7211-428E-BEEA-C4D4E9E8CF00}.Release|x64.Build.0 = Release|Any CPU
		{2792D57C-7211-428E-BEEA-C4D4E9E8CF00}.Release|x86.ActiveCfg = Release|Any CPU
		{2792D57C-7211-428E-BEEA-C4D4E9E8CF00}.Release|x86.Build.0 = Release|Any CPU
	EndGlobalSection
	GlobalSection(SolutionProperties) = preSolution
		HideSolutionNode = FALSE
	EndGlobalSection
	GlobalSection(ExtensibilityGlobals) = postSolution
		SolutionGuid = {44D95241-474B-49DA-A09A-92D274F2D9CD}
	EndGlobalSection
EndGlobal
